// !$*UTF8*$!
{
	archiveVersion = 1;
	classes = {
	};
	objectVersion = 56;
	objects = {

/* Begin PBXBuildFile section */
		EF42869B2A463D1700F637A1 /* RealityKitContent in Frameworks */ = {isa = PBXBuildFile; productRef = EF42869A2A463D1700F637A1 /* RealityKitContent */; };
		EF42869D2A463D1700F637A1 /* BeatmapARApp.swift in Sources */ = {isa = PBXBuildFile; fileRef = EF42869C2A463D1700F637A1 /* BeatmapARApp.swift */; };
		EF4286A52A463D1800F637A1 /* Assets.xcassets in Resources */ = {isa = PBXBuildFile; fileRef = EF4286A42A463D1800F637A1 /* Assets.xcassets */; };
		EF4286A82A463D1800F637A1 /* Preview Assets.xcassets in Resources */ = {isa = PBXBuildFile; fileRef = EF4286A72A463D1800F637A1 /* Preview Assets.xcassets */; };
		EF4DA2592B6F0E320037ACC0 /* OggDecoder.h in Headers */ = {isa = PBXBuildFile; fileRef = EF4DA2582B6F0E320037ACC0 /* OggDecoder.h */; settings = {ATTRIBUTES = (Public, ); }; };
		EF4DA25C2B6F0E320037ACC0 /* OggDecoder.framework in Frameworks */ = {isa = PBXBuildFile; fileRef = EF4DA2562B6F0E320037ACC0 /* OggDecoder.framework */; };
		EF4DA25D2B6F0E320037ACC0 /* OggDecoder.framework in Embed Frameworks */ = {isa = PBXBuildFile; fileRef = EF4DA2562B6F0E320037ACC0 /* OggDecoder.framework */; settings = {ATTRIBUTES = (CodeSignOnCopy, RemoveHeadersOnCopy, ); }; };
		EF4DA27E2B6F0F920037ACC0 /* wavHeader.cpp in Sources */ = {isa = PBXBuildFile; fileRef = EF4DA2752B6F0F910037ACC0 /* wavHeader.cpp */; };
		EF4DA27F2B6F0F920037ACC0 /* audioSettings.h in Headers */ = {isa = PBXBuildFile; fileRef = EF4DA2762B6F0F910037ACC0 /* audioSettings.h */; };
		EF4DA2802B6F0F920037ACC0 /* oggHelper.h in Headers */ = {isa = PBXBuildFile; fileRef = EF4DA2772B6F0F910037ACC0 /* oggHelper.h */; };
		EF4DA2812B6F0F920037ACC0 /* wavHeader.h in Headers */ = {isa = PBXBuildFile; fileRef = EF4DA2782B6F0F910037ACC0 /* wavHeader.h */; };
		EF4DA2822B6F0F920037ACC0 /* OGGDecoder.mm in Sources */ = {isa = PBXBuildFile; fileRef = EF4DA2792B6F0F910037ACC0 /* OGGDecoder.mm */; };
		EF4DA2832B6F0F920037ACC0 /* bool.h in Headers */ = {isa = PBXBuildFile; fileRef = EF4DA27A2B6F0F910037ACC0 /* bool.h */; };
		EF4DA2842B6F0F920037ACC0 /* vorbisSettings.cpp in Sources */ = {isa = PBXBuildFile; fileRef = EF4DA27B2B6F0F910037ACC0 /* vorbisSettings.cpp */; };
		EF4DA2852B6F0F920037ACC0 /* oggHelper.cpp in Sources */ = {isa = PBXBuildFile; fileRef = EF4DA27C2B6F0F910037ACC0 /* oggHelper.cpp */; };
		EF4DA2862B6F0F920037ACC0 /* vorbisSettings.h in Headers */ = {isa = PBXBuildFile; fileRef = EF4DA27D2B6F0F920037ACC0 /* vorbisSettings.h */; };
		EF4DA3612B71912E0037ACC0 /* ogg.framework in Frameworks */ = {isa = PBXBuildFile; fileRef = EF4DA35B2B71912E0037ACC0 /* ogg.framework */; };
		EF4DA3622B71912E0037ACC0 /* ogg.framework in Embed Frameworks */ = {isa = PBXBuildFile; fileRef = EF4DA35B2B71912E0037ACC0 /* ogg.framework */; settings = {ATTRIBUTES = (CodeSignOnCopy, RemoveHeadersOnCopy, ); }; };
		EF4DA3712B7191380037ACC0 /* vorbis.framework in Frameworks */ = {isa = PBXBuildFile; fileRef = EF4DA36B2B7191380037ACC0 /* vorbis.framework */; };
		EF4DA3722B7191380037ACC0 /* vorbis.framework in Embed Frameworks */ = {isa = PBXBuildFile; fileRef = EF4DA36B2B7191380037ACC0 /* vorbis.framework */; settings = {ATTRIBUTES = (CodeSignOnCopy, RemoveHeadersOnCopy, ); }; };
		EF4DA3762B7191400037ACC0 /* ogg.framework in Frameworks */ = {isa = PBXBuildFile; fileRef = EF4DA35B2B71912E0037ACC0 /* ogg.framework */; };
		EF4DA3802B7191AA0037ACC0 /* ogg.h in Headers */ = {isa = PBXBuildFile; fileRef = EF4DA3782B7191AA0037ACC0 /* ogg.h */; settings = {ATTRIBUTES = (Public, ); }; };
		EF4DA3832B7191AA0037ACC0 /* os_types.h in Headers */ = {isa = PBXBuildFile; fileRef = EF4DA37B2B7191AA0037ACC0 /* os_types.h */; settings = {ATTRIBUTES = (Public, ); }; };
		EF4DA3842B7191AA0037ACC0 /* framing.c in Sources */ = {isa = PBXBuildFile; fileRef = EF4DA37D2B7191AA0037ACC0 /* framing.c */; };
		EF4DA3852B7191AA0037ACC0 /* crctable.h in Headers */ = {isa = PBXBuildFile; fileRef = EF4DA37E2B7191AA0037ACC0 /* crctable.h */; };
		EF4DA3862B7191AA0037ACC0 /* bitwise.c in Sources */ = {isa = PBXBuildFile; fileRef = EF4DA37F2B7191AA0037ACC0 /* bitwise.c */; };
		EF4DA3D82B7197970037ACC0 /* vorbisfile.h in Headers */ = {isa = PBXBuildFile; fileRef = EF4DA38C2B7197970037ACC0 /* vorbisfile.h */; settings = {ATTRIBUTES = (Public, ); }; };
		EF4DA3D92B7197970037ACC0 /* codec.h in Headers */ = {isa = PBXBuildFile; fileRef = EF4DA38D2B7197970037ACC0 /* codec.h */; settings = {ATTRIBUTES = (Public, ); }; };
		EF4DA3DA2B7197970037ACC0 /* vorbisenc.h in Headers */ = {isa = PBXBuildFile; fileRef = EF4DA38E2B7197970037ACC0 /* vorbisenc.h */; settings = {ATTRIBUTES = (Public, ); }; };
		EF4DA3DB2B7197970037ACC0 /* smallft.h in Headers */ = {isa = PBXBuildFile; fileRef = EF4DA3902B7197970037ACC0 /* smallft.h */; };
		EF4DA3DC2B7197970037ACC0 /* vorbisenc.c in Sources */ = {isa = PBXBuildFile; fileRef = EF4DA3912B7197970037ACC0 /* vorbisenc.c */; };
		EF4DA3DD2B7197970037ACC0 /* res0.c in Sources */ = {isa = PBXBuildFile; fileRef = EF4DA3922B7197970037ACC0 /* res0.c */; };
		EF4DA3DE2B7197970037ACC0 /* block.c in Sources */ = {isa = PBXBuildFile; fileRef = EF4DA3932B7197970037ACC0 /* block.c */; };
		EF4DA3DF2B7197970037ACC0 /* lookup.c in Sources */ = {isa = PBXBuildFile; fileRef = EF4DA3942B7197970037ACC0 /* lookup.c */; };
		EF4DA3E02B7197970037ACC0 /* psych_44.h in Headers */ = {isa = PBXBuildFile; fileRef = EF4DA3962B7197970037ACC0 /* psych_44.h */; };
		EF4DA3E12B7197970037ACC0 /* setup_11.h in Headers */ = {isa = PBXBuildFile; fileRef = EF4DA3972B7197970037ACC0 /* setup_11.h */; };
		EF4DA3E22B7197970037ACC0 /* setup_44u.h in Headers */ = {isa = PBXBuildFile; fileRef = EF4DA3982B7197970037ACC0 /* setup_44u.h */; };
		EF4DA3E32B7197970037ACC0 /* setup_8.h in Headers */ = {isa = PBXBuildFile; fileRef = EF4DA3992B7197970037ACC0 /* setup_8.h */; };
		EF4DA3E42B7197970037ACC0 /* residue_8.h in Headers */ = {isa = PBXBuildFile; fileRef = EF4DA39A2B7197970037ACC0 /* residue_8.h */; };
		EF4DA3E52B7197970037ACC0 /* residue_44p51.h in Headers */ = {isa = PBXBuildFile; fileRef = EF4DA39B2B7197970037ACC0 /* residue_44p51.h */; };
		EF4DA3E62B7197970037ACC0 /* residue_44.h in Headers */ = {isa = PBXBuildFile; fileRef = EF4DA39C2B7197970037ACC0 /* residue_44.h */; };
		EF4DA3E72B7197970037ACC0 /* setup_16.h in Headers */ = {isa = PBXBuildFile; fileRef = EF4DA39D2B7197970037ACC0 /* setup_16.h */; };
		EF4DA3E82B7197970037ACC0 /* setup_22.h in Headers */ = {isa = PBXBuildFile; fileRef = EF4DA39E2B7197970037ACC0 /* setup_22.h */; };
		EF4DA3E92B7197970037ACC0 /* psych_16.h in Headers */ = {isa = PBXBuildFile; fileRef = EF4DA39F2B7197970037ACC0 /* psych_16.h */; };
		EF4DA3EA2B7197970037ACC0 /* psych_8.h in Headers */ = {isa = PBXBuildFile; fileRef = EF4DA3A02B7197970037ACC0 /* psych_8.h */; };
		EF4DA3EB2B7197970037ACC0 /* setup_44p51.h in Headers */ = {isa = PBXBuildFile; fileRef = EF4DA3A12B7197970037ACC0 /* setup_44p51.h */; };
		EF4DA3EC2B7197970037ACC0 /* floor_all.h in Headers */ = {isa = PBXBuildFile; fileRef = EF4DA3A22B7197970037ACC0 /* floor_all.h */; };
		EF4DA3ED2B7197970037ACC0 /* setup_32.h in Headers */ = {isa = PBXBuildFile; fileRef = EF4DA3A32B7197970037ACC0 /* setup_32.h */; };
		EF4DA3EE2B7197970037ACC0 /* residue_44u.h in Headers */ = {isa = PBXBuildFile; fileRef = EF4DA3A42B7197970037ACC0 /* residue_44u.h */; };
		EF4DA3EF2B7197970037ACC0 /* setup_44.h in Headers */ = {isa = PBXBuildFile; fileRef = EF4DA3A52B7197970037ACC0 /* setup_44.h */; };
		EF4DA3F02B7197970037ACC0 /* residue_16.h in Headers */ = {isa = PBXBuildFile; fileRef = EF4DA3A62B7197970037ACC0 /* residue_16.h */; };
		EF4DA3F12B7197970037ACC0 /* psych_11.h in Headers */ = {isa = PBXBuildFile; fileRef = EF4DA3A72B7197970037ACC0 /* psych_11.h */; };
		EF4DA3F22B7197970037ACC0 /* setup_X.h in Headers */ = {isa = PBXBuildFile; fileRef = EF4DA3A82B7197970037ACC0 /* setup_X.h */; };
		EF4DA3F42B7197970037ACC0 /* misc.h in Headers */ = {isa = PBXBuildFile; fileRef = EF4DA3AA2B7197970037ACC0 /* misc.h */; };
		EF4DA3F52B7197970037ACC0 /* info.c in Sources */ = {isa = PBXBuildFile; fileRef = EF4DA3AB2B7197970037ACC0 /* info.c */; };
		EF4DA3F62B7197970037ACC0 /* mdct.c in Sources */ = {isa = PBXBuildFile; fileRef = EF4DA3AC2B7197970037ACC0 /* mdct.c */; };
		EF4DA3F72B7197970037ACC0 /* os.h in Headers */ = {isa = PBXBuildFile; fileRef = EF4DA3AD2B7197970037ACC0 /* os.h */; };
		EF4DA3F92B7197970037ACC0 /* envelope.c in Sources */ = {isa = PBXBuildFile; fileRef = EF4DA3AF2B7197970037ACC0 /* envelope.c */; };
		EF4DA3FA2B7197970037ACC0 /* window.h in Headers */ = {isa = PBXBuildFile; fileRef = EF4DA3B02B7197970037ACC0 /* window.h */; };
		EF4DA3FB2B7197970037ACC0 /* analysis.c in Sources */ = {isa = PBXBuildFile; fileRef = EF4DA3B12B7197970037ACC0 /* analysis.c */; };
		EF4DA3FC2B7197970037ACC0 /* codebook.c in Sources */ = {isa = PBXBuildFile; fileRef = EF4DA3B22B7197970037ACC0 /* codebook.c */; };
		EF4DA3FD2B7197970037ACC0 /* floor0.c in Sources */ = {isa = PBXBuildFile; fileRef = EF4DA3B32B7197970037ACC0 /* floor0.c */; };
		EF4DA3FE2B7197970037ACC0 /* backends.h in Headers */ = {isa = PBXBuildFile; fileRef = EF4DA3B42B7197970037ACC0 /* backends.h */; };
		EF4DA3FF2B7197970037ACC0 /* lsp.h in Headers */ = {isa = PBXBuildFile; fileRef = EF4DA3B52B7197970037ACC0 /* lsp.h */; };
		EF4DA4002B7197970037ACC0 /* bitrate.c in Sources */ = {isa = PBXBuildFile; fileRef = EF4DA3B62B7197970037ACC0 /* bitrate.c */; };
		EF4DA4012B7197970037ACC0 /* registry.h in Headers */ = {isa = PBXBuildFile; fileRef = EF4DA3B72B7197970037ACC0 /* registry.h */; };
		EF4DA4022B7197970037ACC0 /* res_books_uncoupled.h in Headers */ = {isa = PBXBuildFile; fileRef = EF4DA3BA2B7197970037ACC0 /* res_books_uncoupled.h */; };
		EF4DA4032B7197970037ACC0 /* res_books_51.h in Headers */ = {isa = PBXBuildFile; fileRef = EF4DA3BC2B7197970037ACC0 /* res_books_51.h */; };
		EF4DA4042B7197970037ACC0 /* res_books_stereo.h in Headers */ = {isa = PBXBuildFile; fileRef = EF4DA3BD2B7197970037ACC0 /* res_books_stereo.h */; };
		EF4DA4052B7197970037ACC0 /* floor_books.h in Headers */ = {isa = PBXBuildFile; fileRef = EF4DA3BF2B7197970037ACC0 /* floor_books.h */; };
		EF4DA4062B7197970037ACC0 /* psy.c in Sources */ = {isa = PBXBuildFile; fileRef = EF4DA3C02B7197970037ACC0 /* psy.c */; };
		EF4DA4072B7197970037ACC0 /* lpc.h in Headers */ = {isa = PBXBuildFile; fileRef = EF4DA3C12B7197970037ACC0 /* lpc.h */; };
		EF4DA4082B7197970037ACC0 /* highlevel.h in Headers */ = {isa = PBXBuildFile; fileRef = EF4DA3C22B7197970037ACC0 /* highlevel.h */; };
		EF4DA4092B7197970037ACC0 /* smallft.c in Sources */ = {isa = PBXBuildFile; fileRef = EF4DA3C32B7197970037ACC0 /* smallft.c */; };
		EF4DA40A2B7197970037ACC0 /* lookup_data.h in Headers */ = {isa = PBXBuildFile; fileRef = EF4DA3C42B7197970037ACC0 /* lookup_data.h */; };
		EF4DA40B2B7197970037ACC0 /* scales.h in Headers */ = {isa = PBXBuildFile; fileRef = EF4DA3C52B7197970037ACC0 /* scales.h */; };
		EF4DA40C2B7197970037ACC0 /* sharedbook.c in Sources */ = {isa = PBXBuildFile; fileRef = EF4DA3C62B7197970037ACC0 /* sharedbook.c */; };
		EF4DA40D2B7197970037ACC0 /* floor1.c in Sources */ = {isa = PBXBuildFile; fileRef = EF4DA3C72B7197970037ACC0 /* floor1.c */; };
		EF4DA40E2B7197970037ACC0 /* lookup.h in Headers */ = {isa = PBXBuildFile; fileRef = EF4DA3C82B7197970037ACC0 /* lookup.h */; };
		EF4DA40F2B7197970037ACC0 /* synthesis.c in Sources */ = {isa = PBXBuildFile; fileRef = EF4DA3C92B7197970037ACC0 /* synthesis.c */; };
		EF4DA4102B7197970037ACC0 /* envelope.h in Headers */ = {isa = PBXBuildFile; fileRef = EF4DA3CA2B7197970037ACC0 /* envelope.h */; };
		EF4DA4112B7197970037ACC0 /* masking.h in Headers */ = {isa = PBXBuildFile; fileRef = EF4DA3CB2B7197970037ACC0 /* masking.h */; };
		EF4DA4122B7197970037ACC0 /* mdct.h in Headers */ = {isa = PBXBuildFile; fileRef = EF4DA3CC2B7197970037ACC0 /* mdct.h */; };
		EF4DA4132B7197970037ACC0 /* mapping0.c in Sources */ = {isa = PBXBuildFile; fileRef = EF4DA3CD2B7197970037ACC0 /* mapping0.c */; };
		EF4DA4142B7197970037ACC0 /* psy.h in Headers */ = {isa = PBXBuildFile; fileRef = EF4DA3CE2B7197970037ACC0 /* psy.h */; };
		EF4DA4152B7197970037ACC0 /* lpc.c in Sources */ = {isa = PBXBuildFile; fileRef = EF4DA3CF2B7197970037ACC0 /* lpc.c */; };
		EF4DA4172B7197970037ACC0 /* bitrate.h in Headers */ = {isa = PBXBuildFile; fileRef = EF4DA3D12B7197970037ACC0 /* bitrate.h */; };
		EF4DA4182B7197970037ACC0 /* lsp.c in Sources */ = {isa = PBXBuildFile; fileRef = EF4DA3D22B7197970037ACC0 /* lsp.c */; };
		EF4DA4192B7197970037ACC0 /* registry.c in Sources */ = {isa = PBXBuildFile; fileRef = EF4DA3D32B7197970037ACC0 /* registry.c */; };
		EF4DA41A2B7197970037ACC0 /* vorbisfile.c in Sources */ = {isa = PBXBuildFile; fileRef = EF4DA3D42B7197970037ACC0 /* vorbisfile.c */; };
		EF4DA41B2B7197970037ACC0 /* window.c in Sources */ = {isa = PBXBuildFile; fileRef = EF4DA3D52B7197970037ACC0 /* window.c */; };
		EF4DA41C2B7197970037ACC0 /* codec_internal.h in Headers */ = {isa = PBXBuildFile; fileRef = EF4DA3D62B7197970037ACC0 /* codec_internal.h */; };
		EF4DA41D2B7197970037ACC0 /* codebook.h in Headers */ = {isa = PBXBuildFile; fileRef = EF4DA3D72B7197970037ACC0 /* codebook.h */; };
		EF4DA41E2B7198430037ACC0 /* ogg.framework in Frameworks */ = {isa = PBXBuildFile; fileRef = EF4DA35B2B71912E0037ACC0 /* ogg.framework */; };
		EF4DA41F2B7198430037ACC0 /* vorbis.framework in Frameworks */ = {isa = PBXBuildFile; fileRef = EF4DA36B2B7191380037ACC0 /* vorbis.framework */; };
		EF6020EE2A4B8116008B8F46 /* BeatmapFileManager.swift in Sources */ = {isa = PBXBuildFile; fileRef = EF6020ED2A4B8116008B8F46 /* BeatmapFileManager.swift */; };
		EF6020F12A533E5F008B8F46 /* DownloadScreen.swift in Sources */ = {isa = PBXBuildFile; fileRef = EF6020F02A533E5F008B8F46 /* DownloadScreen.swift */; };
		EF6020F32A53536D008B8F46 /* InMemoryZIPBeatmapLoaderDataSource.swift in Sources */ = {isa = PBXBuildFile; fileRef = EF6020F22A53536D008B8F46 /* InMemoryZIPBeatmapLoaderDataSource.swift */; };
		EF6020F62A535CD3008B8F46 /* SceneManager.swift in Sources */ = {isa = PBXBuildFile; fileRef = EF6020F52A535CD3008B8F46 /* SceneManager.swift */; };
		EF6020F82A535D5A008B8F46 /* MenuScreen.swift in Sources */ = {isa = PBXBuildFile; fileRef = EF6020F72A535D5A008B8F46 /* MenuScreen.swift */; };
		EF6020FA2A535DB9008B8F46 /* SongScreen.swift in Sources */ = {isa = PBXBuildFile; fileRef = EF6020F92A535DB9008B8F46 /* SongScreen.swift */; };
		EF6020FD2A535E54008B8F46 /* BeatmapSpace.swift in Sources */ = {isa = PBXBuildFile; fileRef = EF6020FC2A535E54008B8F46 /* BeatmapSpace.swift */; };
		EF6857A62A465BFE0058674F /* ZIPFoundation in Frameworks */ = {isa = PBXBuildFile; productRef = EF6857A52A465BFE0058674F /* ZIPFoundation */; };
		EF6857AF2A465C350058674F /* BeatmapLoader.h in Headers */ = {isa = PBXBuildFile; fileRef = EF6857AE2A465C350058674F /* BeatmapLoader.h */; settings = {ATTRIBUTES = (Public, ); }; };
		EF6857B22A465C350058674F /* BeatmapLoader.framework in Frameworks */ = {isa = PBXBuildFile; fileRef = EF6857AC2A465C350058674F /* BeatmapLoader.framework */; };
		EF6857B32A465C350058674F /* BeatmapLoader.framework in Embed Frameworks */ = {isa = PBXBuildFile; fileRef = EF6857AC2A465C350058674F /* BeatmapLoader.framework */; settings = {ATTRIBUTES = (CodeSignOnCopy, RemoveHeadersOnCopy, ); }; };
		EF6857C22A465C510058674F /* BeatmapLoader.swift in Sources */ = {isa = PBXBuildFile; fileRef = EF6857B92A465C510058674F /* BeatmapLoader.swift */; };
		EF6857C32A465C510058674F /* BeatmapInfo.swift in Sources */ = {isa = PBXBuildFile; fileRef = EF6857BC2A465C510058674F /* BeatmapInfo.swift */; };
		EF6857C42A465C510058674F /* SupportedSchemaVersion.swift in Sources */ = {isa = PBXBuildFile; fileRef = EF6857BD2A465C510058674F /* SupportedSchemaVersion.swift */; };
		EF6857C52A465C510058674F /* BeatmapDifficulty.swift in Sources */ = {isa = PBXBuildFile; fileRef = EF6857BE2A465C510058674F /* BeatmapDifficulty.swift */; };
		EF6857C62A465C510058674F /* BeatmapSong.swift in Sources */ = {isa = PBXBuildFile; fileRef = EF6857C02A465C510058674F /* BeatmapSong.swift */; };
		EF6857C72A465C510058674F /* BeatmapPreview.swift in Sources */ = {isa = PBXBuildFile; fileRef = EF6857C12A465C510058674F /* BeatmapPreview.swift */; };
		EF6857CA2A465CD50058674F /* ZIPBeatmapLoaderDataSource.swift in Sources */ = {isa = PBXBuildFile; fileRef = EF6857C92A465CD50058674F /* ZIPBeatmapLoaderDataSource.swift */; };
		EF8BF9B52A4A3FE200958AF4 /* CADisplayLink+Sequence.swift in Sources */ = {isa = PBXBuildFile; fileRef = EF8BF9B42A4A3FE200958AF4 /* CADisplayLink+Sequence.swift */; };
/* End PBXBuildFile section */

/* Begin PBXContainerItemProxy section */
		EF4DA25A2B6F0E320037ACC0 /* PBXContainerItemProxy */ = {
			isa = PBXContainerItemProxy;
			containerPortal = EF42868D2A463D1700F637A1 /* Project object */;
			proxyType = 1;
			remoteGlobalIDString = EF4DA2552B6F0E320037ACC0;
			remoteInfo = OggDecoder;
		};
		EF4DA35F2B71912E0037ACC0 /* PBXContainerItemProxy */ = {
			isa = PBXContainerItemProxy;
			containerPortal = EF42868D2A463D1700F637A1 /* Project object */;
			proxyType = 1;
			remoteGlobalIDString = EF4DA35A2B71912E0037ACC0;
			remoteInfo = ogg;
		};
		EF4DA36F2B7191380037ACC0 /* PBXContainerItemProxy */ = {
			isa = PBXContainerItemProxy;
			containerPortal = EF42868D2A463D1700F637A1 /* Project object */;
			proxyType = 1;
			remoteGlobalIDString = EF4DA36A2B7191380037ACC0;
			remoteInfo = vorbis;
		};
		EF6857B02A465C350058674F /* PBXContainerItemProxy */ = {
			isa = PBXContainerItemProxy;
			containerPortal = EF42868D2A463D1700F637A1 /* Project object */;
			proxyType = 1;
			remoteGlobalIDString = EF6857AB2A465C350058674F;
			remoteInfo = BeatmapLoader;
		};
/* End PBXContainerItemProxy section */

/* Begin PBXCopyFilesBuildPhase section */
		EF6857B72A465C350058674F /* Embed Frameworks */ = {
			isa = PBXCopyFilesBuildPhase;
			buildActionMask = 12;
			dstPath = "";
			dstSubfolderSpec = 10;
			files = (
				EF4DA3722B7191380037ACC0 /* vorbis.framework in Embed Frameworks */,
				EF4DA3622B71912E0037ACC0 /* ogg.framework in Embed Frameworks */,
				EF6857B32A465C350058674F /* BeatmapLoader.framework in Embed Frameworks */,
				EF4DA25D2B6F0E320037ACC0 /* OggDecoder.framework in Embed Frameworks */,
			);
			name = "Embed Frameworks";
			runOnlyForDeploymentPostprocessing = 0;
		};
/* End PBXCopyFilesBuildPhase section */

/* Begin PBXFileReference section */
		EF4286952A463D1700F637A1 /* BeatmapAR.app */ = {isa = PBXFileReference; explicitFileType = wrapper.application; includeInIndex = 0; path = BeatmapAR.app; sourceTree = BUILT_PRODUCTS_DIR; };
		EF4286992A463D1700F637A1 /* RealityKitContent */ = {isa = PBXFileReference; lastKnownFileType = wrapper; path = RealityKitContent; sourceTree = "<group>"; };
		EF42869C2A463D1700F637A1 /* BeatmapARApp.swift */ = {isa = PBXFileReference; lastKnownFileType = sourcecode.swift; path = BeatmapARApp.swift; sourceTree = "<group>"; };
		EF4286A42A463D1800F637A1 /* Assets.xcassets */ = {isa = PBXFileReference; lastKnownFileType = folder.assetcatalog; path = Assets.xcassets; sourceTree = "<group>"; };
		EF4286A72A463D1800F637A1 /* Preview Assets.xcassets */ = {isa = PBXFileReference; lastKnownFileType = folder.assetcatalog; path = "Preview Assets.xcassets"; sourceTree = "<group>"; };
		EF4DA2562B6F0E320037ACC0 /* OggDecoder.framework */ = {isa = PBXFileReference; explicitFileType = wrapper.framework; includeInIndex = 0; path = OggDecoder.framework; sourceTree = BUILT_PRODUCTS_DIR; };
		EF4DA2582B6F0E320037ACC0 /* OggDecoder.h */ = {isa = PBXFileReference; lastKnownFileType = sourcecode.c.h; path = OggDecoder.h; sourceTree = "<group>"; };
		EF4DA2752B6F0F910037ACC0 /* wavHeader.cpp */ = {isa = PBXFileReference; fileEncoding = 4; lastKnownFileType = sourcecode.cpp.cpp; path = wavHeader.cpp; sourceTree = "<group>"; };
		EF4DA2762B6F0F910037ACC0 /* audioSettings.h */ = {isa = PBXFileReference; fileEncoding = 4; lastKnownFileType = sourcecode.c.h; path = audioSettings.h; sourceTree = "<group>"; };
		EF4DA2772B6F0F910037ACC0 /* oggHelper.h */ = {isa = PBXFileReference; fileEncoding = 4; lastKnownFileType = sourcecode.c.h; path = oggHelper.h; sourceTree = "<group>"; };
		EF4DA2782B6F0F910037ACC0 /* wavHeader.h */ = {isa = PBXFileReference; fileEncoding = 4; lastKnownFileType = sourcecode.c.h; path = wavHeader.h; sourceTree = "<group>"; };
		EF4DA2792B6F0F910037ACC0 /* OGGDecoder.mm */ = {isa = PBXFileReference; fileEncoding = 4; lastKnownFileType = sourcecode.cpp.objcpp; path = OGGDecoder.mm; sourceTree = "<group>"; };
		EF4DA27A2B6F0F910037ACC0 /* bool.h */ = {isa = PBXFileReference; fileEncoding = 4; lastKnownFileType = sourcecode.c.h; path = bool.h; sourceTree = "<group>"; };
		EF4DA27B2B6F0F910037ACC0 /* vorbisSettings.cpp */ = {isa = PBXFileReference; fileEncoding = 4; lastKnownFileType = sourcecode.cpp.cpp; path = vorbisSettings.cpp; sourceTree = "<group>"; };
		EF4DA27C2B6F0F910037ACC0 /* oggHelper.cpp */ = {isa = PBXFileReference; fileEncoding = 4; lastKnownFileType = sourcecode.cpp.cpp; path = oggHelper.cpp; sourceTree = "<group>"; };
		EF4DA27D2B6F0F920037ACC0 /* vorbisSettings.h */ = {isa = PBXFileReference; fileEncoding = 4; lastKnownFileType = sourcecode.c.h; path = vorbisSettings.h; sourceTree = "<group>"; };
		EF4DA35B2B71912E0037ACC0 /* ogg.framework */ = {isa = PBXFileReference; explicitFileType = wrapper.framework; includeInIndex = 0; path = ogg.framework; sourceTree = BUILT_PRODUCTS_DIR; };
		EF4DA36B2B7191380037ACC0 /* vorbis.framework */ = {isa = PBXFileReference; explicitFileType = wrapper.framework; includeInIndex = 0; path = vorbis.framework; sourceTree = BUILT_PRODUCTS_DIR; };
		EF4DA3782B7191AA0037ACC0 /* ogg.h */ = {isa = PBXFileReference; fileEncoding = 4; lastKnownFileType = sourcecode.c.h; path = ogg.h; sourceTree = "<group>"; };
		EF4DA3792B7191AA0037ACC0 /* COPYING */ = {isa = PBXFileReference; fileEncoding = 4; lastKnownFileType = text; path = COPYING; sourceTree = "<group>"; };
		EF4DA37B2B7191AA0037ACC0 /* os_types.h */ = {isa = PBXFileReference; fileEncoding = 4; lastKnownFileType = sourcecode.c.h; path = os_types.h; sourceTree = "<group>"; };
		EF4DA37D2B7191AA0037ACC0 /* framing.c */ = {isa = PBXFileReference; fileEncoding = 4; lastKnownFileType = sourcecode.c.c; path = framing.c; sourceTree = "<group>"; };
		EF4DA37E2B7191AA0037ACC0 /* crctable.h */ = {isa = PBXFileReference; fileEncoding = 4; lastKnownFileType = sourcecode.c.h; path = crctable.h; sourceTree = "<group>"; };
		EF4DA37F2B7191AA0037ACC0 /* bitwise.c */ = {isa = PBXFileReference; fileEncoding = 4; lastKnownFileType = sourcecode.c.c; path = bitwise.c; sourceTree = "<group>"; };
		EF4DA3872B7192260037ACC0 /* module.modulemap */ = {isa = PBXFileReference; fileEncoding = 4; lastKnownFileType = "sourcecode.module-map"; path = module.modulemap; sourceTree = "<group>"; };
		EF4DA38A2B7197970037ACC0 /* module.modulemap */ = {isa = PBXFileReference; fileEncoding = 4; lastKnownFileType = "sourcecode.module-map"; path = module.modulemap; sourceTree = "<group>"; };
		EF4DA38C2B7197970037ACC0 /* vorbisfile.h */ = {isa = PBXFileReference; fileEncoding = 4; lastKnownFileType = sourcecode.c.h; path = vorbisfile.h; sourceTree = "<group>"; };
		EF4DA38D2B7197970037ACC0 /* codec.h */ = {isa = PBXFileReference; fileEncoding = 4; lastKnownFileType = sourcecode.c.h; path = codec.h; sourceTree = "<group>"; };
		EF4DA38E2B7197970037ACC0 /* vorbisenc.h */ = {isa = PBXFileReference; fileEncoding = 4; lastKnownFileType = sourcecode.c.h; path = vorbisenc.h; sourceTree = "<group>"; };
		EF4DA3902B7197970037ACC0 /* smallft.h */ = {isa = PBXFileReference; fileEncoding = 4; lastKnownFileType = sourcecode.c.h; path = smallft.h; sourceTree = "<group>"; };
		EF4DA3912B7197970037ACC0 /* vorbisenc.c */ = {isa = PBXFileReference; fileEncoding = 4; lastKnownFileType = sourcecode.c.c; path = vorbisenc.c; sourceTree = "<group>"; };
		EF4DA3922B7197970037ACC0 /* res0.c */ = {isa = PBXFileReference; fileEncoding = 4; lastKnownFileType = sourcecode.c.c; path = res0.c; sourceTree = "<group>"; };
		EF4DA3932B7197970037ACC0 /* block.c */ = {isa = PBXFileReference; fileEncoding = 4; lastKnownFileType = sourcecode.c.c; path = block.c; sourceTree = "<group>"; };
		EF4DA3942B7197970037ACC0 /* lookup.c */ = {isa = PBXFileReference; fileEncoding = 4; lastKnownFileType = sourcecode.c.c; path = lookup.c; sourceTree = "<group>"; };
		EF4DA3962B7197970037ACC0 /* psych_44.h */ = {isa = PBXFileReference; fileEncoding = 4; lastKnownFileType = sourcecode.c.h; path = psych_44.h; sourceTree = "<group>"; };
		EF4DA3972B7197970037ACC0 /* setup_11.h */ = {isa = PBXFileReference; fileEncoding = 4; lastKnownFileType = sourcecode.c.h; path = setup_11.h; sourceTree = "<group>"; };
		EF4DA3982B7197970037ACC0 /* setup_44u.h */ = {isa = PBXFileReference; fileEncoding = 4; lastKnownFileType = sourcecode.c.h; path = setup_44u.h; sourceTree = "<group>"; };
		EF4DA3992B7197970037ACC0 /* setup_8.h */ = {isa = PBXFileReference; fileEncoding = 4; lastKnownFileType = sourcecode.c.h; path = setup_8.h; sourceTree = "<group>"; };
		EF4DA39A2B7197970037ACC0 /* residue_8.h */ = {isa = PBXFileReference; fileEncoding = 4; lastKnownFileType = sourcecode.c.h; path = residue_8.h; sourceTree = "<group>"; };
		EF4DA39B2B7197970037ACC0 /* residue_44p51.h */ = {isa = PBXFileReference; fileEncoding = 4; lastKnownFileType = sourcecode.c.h; path = residue_44p51.h; sourceTree = "<group>"; };
		EF4DA39C2B7197970037ACC0 /* residue_44.h */ = {isa = PBXFileReference; fileEncoding = 4; lastKnownFileType = sourcecode.c.h; path = residue_44.h; sourceTree = "<group>"; };
		EF4DA39D2B7197970037ACC0 /* setup_16.h */ = {isa = PBXFileReference; fileEncoding = 4; lastKnownFileType = sourcecode.c.h; path = setup_16.h; sourceTree = "<group>"; };
		EF4DA39E2B7197970037ACC0 /* setup_22.h */ = {isa = PBXFileReference; fileEncoding = 4; lastKnownFileType = sourcecode.c.h; path = setup_22.h; sourceTree = "<group>"; };
		EF4DA39F2B7197970037ACC0 /* psych_16.h */ = {isa = PBXFileReference; fileEncoding = 4; lastKnownFileType = sourcecode.c.h; path = psych_16.h; sourceTree = "<group>"; };
		EF4DA3A02B7197970037ACC0 /* psych_8.h */ = {isa = PBXFileReference; fileEncoding = 4; lastKnownFileType = sourcecode.c.h; path = psych_8.h; sourceTree = "<group>"; };
		EF4DA3A12B7197970037ACC0 /* setup_44p51.h */ = {isa = PBXFileReference; fileEncoding = 4; lastKnownFileType = sourcecode.c.h; path = setup_44p51.h; sourceTree = "<group>"; };
		EF4DA3A22B7197970037ACC0 /* floor_all.h */ = {isa = PBXFileReference; fileEncoding = 4; lastKnownFileType = sourcecode.c.h; path = floor_all.h; sourceTree = "<group>"; };
		EF4DA3A32B7197970037ACC0 /* setup_32.h */ = {isa = PBXFileReference; fileEncoding = 4; lastKnownFileType = sourcecode.c.h; path = setup_32.h; sourceTree = "<group>"; };
		EF4DA3A42B7197970037ACC0 /* residue_44u.h */ = {isa = PBXFileReference; fileEncoding = 4; lastKnownFileType = sourcecode.c.h; path = residue_44u.h; sourceTree = "<group>"; };
		EF4DA3A52B7197970037ACC0 /* setup_44.h */ = {isa = PBXFileReference; fileEncoding = 4; lastKnownFileType = sourcecode.c.h; path = setup_44.h; sourceTree = "<group>"; };
		EF4DA3A62B7197970037ACC0 /* residue_16.h */ = {isa = PBXFileReference; fileEncoding = 4; lastKnownFileType = sourcecode.c.h; path = residue_16.h; sourceTree = "<group>"; };
		EF4DA3A72B7197970037ACC0 /* psych_11.h */ = {isa = PBXFileReference; fileEncoding = 4; lastKnownFileType = sourcecode.c.h; path = psych_11.h; sourceTree = "<group>"; };
		EF4DA3A82B7197970037ACC0 /* setup_X.h */ = {isa = PBXFileReference; fileEncoding = 4; lastKnownFileType = sourcecode.c.h; path = setup_X.h; sourceTree = "<group>"; };
		EF4DA3AA2B7197970037ACC0 /* misc.h */ = {isa = PBXFileReference; fileEncoding = 4; lastKnownFileType = sourcecode.c.h; path = misc.h; sourceTree = "<group>"; };
		EF4DA3AB2B7197970037ACC0 /* info.c */ = {isa = PBXFileReference; fileEncoding = 4; lastKnownFileType = sourcecode.c.c; path = info.c; sourceTree = "<group>"; };
		EF4DA3AC2B7197970037ACC0 /* mdct.c */ = {isa = PBXFileReference; fileEncoding = 4; lastKnownFileType = sourcecode.c.c; path = mdct.c; sourceTree = "<group>"; };
		EF4DA3AD2B7197970037ACC0 /* os.h */ = {isa = PBXFileReference; fileEncoding = 4; lastKnownFileType = sourcecode.c.h; path = os.h; sourceTree = "<group>"; };
		EF4DA3AF2B7197970037ACC0 /* envelope.c */ = {isa = PBXFileReference; fileEncoding = 4; lastKnownFileType = sourcecode.c.c; path = envelope.c; sourceTree = "<group>"; };
		EF4DA3B02B7197970037ACC0 /* window.h */ = {isa = PBXFileReference; fileEncoding = 4; lastKnownFileType = sourcecode.c.h; path = window.h; sourceTree = "<group>"; };
		EF4DA3B12B7197970037ACC0 /* analysis.c */ = {isa = PBXFileReference; fileEncoding = 4; lastKnownFileType = sourcecode.c.c; path = analysis.c; sourceTree = "<group>"; };
		EF4DA3B22B7197970037ACC0 /* codebook.c */ = {isa = PBXFileReference; fileEncoding = 4; lastKnownFileType = sourcecode.c.c; path = codebook.c; sourceTree = "<group>"; };
		EF4DA3B32B7197970037ACC0 /* floor0.c */ = {isa = PBXFileReference; fileEncoding = 4; lastKnownFileType = sourcecode.c.c; path = floor0.c; sourceTree = "<group>"; };
		EF4DA3B42B7197970037ACC0 /* backends.h */ = {isa = PBXFileReference; fileEncoding = 4; lastKnownFileType = sourcecode.c.h; path = backends.h; sourceTree = "<group>"; };
		EF4DA3B52B7197970037ACC0 /* lsp.h */ = {isa = PBXFileReference; fileEncoding = 4; lastKnownFileType = sourcecode.c.h; path = lsp.h; sourceTree = "<group>"; };
		EF4DA3B62B7197970037ACC0 /* bitrate.c */ = {isa = PBXFileReference; fileEncoding = 4; lastKnownFileType = sourcecode.c.c; path = bitrate.c; sourceTree = "<group>"; };
		EF4DA3B72B7197970037ACC0 /* registry.h */ = {isa = PBXFileReference; fileEncoding = 4; lastKnownFileType = sourcecode.c.h; path = registry.h; sourceTree = "<group>"; };
		EF4DA3BA2B7197970037ACC0 /* res_books_uncoupled.h */ = {isa = PBXFileReference; fileEncoding = 4; lastKnownFileType = sourcecode.c.h; path = res_books_uncoupled.h; sourceTree = "<group>"; };
		EF4DA3BC2B7197970037ACC0 /* res_books_51.h */ = {isa = PBXFileReference; fileEncoding = 4; lastKnownFileType = sourcecode.c.h; path = res_books_51.h; sourceTree = "<group>"; };
		EF4DA3BD2B7197970037ACC0 /* res_books_stereo.h */ = {isa = PBXFileReference; fileEncoding = 4; lastKnownFileType = sourcecode.c.h; path = res_books_stereo.h; sourceTree = "<group>"; };
		EF4DA3BF2B7197970037ACC0 /* floor_books.h */ = {isa = PBXFileReference; fileEncoding = 4; lastKnownFileType = sourcecode.c.h; path = floor_books.h; sourceTree = "<group>"; };
		EF4DA3C02B7197970037ACC0 /* psy.c */ = {isa = PBXFileReference; fileEncoding = 4; lastKnownFileType = sourcecode.c.c; path = psy.c; sourceTree = "<group>"; };
		EF4DA3C12B7197970037ACC0 /* lpc.h */ = {isa = PBXFileReference; fileEncoding = 4; lastKnownFileType = sourcecode.c.h; path = lpc.h; sourceTree = "<group>"; };
		EF4DA3C22B7197970037ACC0 /* highlevel.h */ = {isa = PBXFileReference; fileEncoding = 4; lastKnownFileType = sourcecode.c.h; path = highlevel.h; sourceTree = "<group>"; };
		EF4DA3C32B7197970037ACC0 /* smallft.c */ = {isa = PBXFileReference; fileEncoding = 4; lastKnownFileType = sourcecode.c.c; path = smallft.c; sourceTree = "<group>"; };
		EF4DA3C42B7197970037ACC0 /* lookup_data.h */ = {isa = PBXFileReference; fileEncoding = 4; lastKnownFileType = sourcecode.c.h; path = lookup_data.h; sourceTree = "<group>"; };
		EF4DA3C52B7197970037ACC0 /* scales.h */ = {isa = PBXFileReference; fileEncoding = 4; lastKnownFileType = sourcecode.c.h; path = scales.h; sourceTree = "<group>"; };
		EF4DA3C62B7197970037ACC0 /* sharedbook.c */ = {isa = PBXFileReference; fileEncoding = 4; lastKnownFileType = sourcecode.c.c; path = sharedbook.c; sourceTree = "<group>"; };
		EF4DA3C72B7197970037ACC0 /* floor1.c */ = {isa = PBXFileReference; fileEncoding = 4; lastKnownFileType = sourcecode.c.c; path = floor1.c; sourceTree = "<group>"; };
		EF4DA3C82B7197970037ACC0 /* lookup.h */ = {isa = PBXFileReference; fileEncoding = 4; lastKnownFileType = sourcecode.c.h; path = lookup.h; sourceTree = "<group>"; };
		EF4DA3C92B7197970037ACC0 /* synthesis.c */ = {isa = PBXFileReference; fileEncoding = 4; lastKnownFileType = sourcecode.c.c; path = synthesis.c; sourceTree = "<group>"; };
		EF4DA3CA2B7197970037ACC0 /* envelope.h */ = {isa = PBXFileReference; fileEncoding = 4; lastKnownFileType = sourcecode.c.h; path = envelope.h; sourceTree = "<group>"; };
		EF4DA3CB2B7197970037ACC0 /* masking.h */ = {isa = PBXFileReference; fileEncoding = 4; lastKnownFileType = sourcecode.c.h; path = masking.h; sourceTree = "<group>"; };
		EF4DA3CC2B7197970037ACC0 /* mdct.h */ = {isa = PBXFileReference; fileEncoding = 4; lastKnownFileType = sourcecode.c.h; path = mdct.h; sourceTree = "<group>"; };
		EF4DA3CD2B7197970037ACC0 /* mapping0.c */ = {isa = PBXFileReference; fileEncoding = 4; lastKnownFileType = sourcecode.c.c; path = mapping0.c; sourceTree = "<group>"; };
		EF4DA3CE2B7197970037ACC0 /* psy.h */ = {isa = PBXFileReference; fileEncoding = 4; lastKnownFileType = sourcecode.c.h; path = psy.h; sourceTree = "<group>"; };
		EF4DA3CF2B7197970037ACC0 /* lpc.c */ = {isa = PBXFileReference; fileEncoding = 4; lastKnownFileType = sourcecode.c.c; path = lpc.c; sourceTree = "<group>"; };
		EF4DA3D12B7197970037ACC0 /* bitrate.h */ = {isa = PBXFileReference; fileEncoding = 4; lastKnownFileType = sourcecode.c.h; path = bitrate.h; sourceTree = "<group>"; };
		EF4DA3D22B7197970037ACC0 /* lsp.c */ = {isa = PBXFileReference; fileEncoding = 4; lastKnownFileType = sourcecode.c.c; path = lsp.c; sourceTree = "<group>"; };
		EF4DA3D32B7197970037ACC0 /* registry.c */ = {isa = PBXFileReference; fileEncoding = 4; lastKnownFileType = sourcecode.c.c; path = registry.c; sourceTree = "<group>"; };
		EF4DA3D42B7197970037ACC0 /* vorbisfile.c */ = {isa = PBXFileReference; fileEncoding = 4; lastKnownFileType = sourcecode.c.c; path = vorbisfile.c; sourceTree = "<group>"; };
		EF4DA3D52B7197970037ACC0 /* window.c */ = {isa = PBXFileReference; fileEncoding = 4; lastKnownFileType = sourcecode.c.c; path = window.c; sourceTree = "<group>"; };
		EF4DA3D62B7197970037ACC0 /* codec_internal.h */ = {isa = PBXFileReference; fileEncoding = 4; lastKnownFileType = sourcecode.c.h; path = codec_internal.h; sourceTree = "<group>"; };
		EF4DA3D72B7197970037ACC0 /* codebook.h */ = {isa = PBXFileReference; fileEncoding = 4; lastKnownFileType = sourcecode.c.h; path = codebook.h; sourceTree = "<group>"; };
		EF6020ED2A4B8116008B8F46 /* BeatmapFileManager.swift */ = {isa = PBXFileReference; lastKnownFileType = sourcecode.swift; path = BeatmapFileManager.swift; sourceTree = "<group>"; };
		EF6020F02A533E5F008B8F46 /* DownloadScreen.swift */ = {isa = PBXFileReference; lastKnownFileType = sourcecode.swift; path = DownloadScreen.swift; sourceTree = "<group>"; };
		EF6020F22A53536D008B8F46 /* InMemoryZIPBeatmapLoaderDataSource.swift */ = {isa = PBXFileReference; lastKnownFileType = sourcecode.swift; path = InMemoryZIPBeatmapLoaderDataSource.swift; sourceTree = "<group>"; };
		EF6020F52A535CD3008B8F46 /* SceneManager.swift */ = {isa = PBXFileReference; lastKnownFileType = sourcecode.swift; path = SceneManager.swift; sourceTree = "<group>"; };
		EF6020F72A535D5A008B8F46 /* MenuScreen.swift */ = {isa = PBXFileReference; lastKnownFileType = sourcecode.swift; path = MenuScreen.swift; sourceTree = "<group>"; };
		EF6020F92A535DB9008B8F46 /* SongScreen.swift */ = {isa = PBXFileReference; lastKnownFileType = sourcecode.swift; path = SongScreen.swift; sourceTree = "<group>"; };
		EF6020FC2A535E54008B8F46 /* BeatmapSpace.swift */ = {isa = PBXFileReference; lastKnownFileType = sourcecode.swift; path = BeatmapSpace.swift; sourceTree = "<group>"; };
		EF6857AC2A465C350058674F /* BeatmapLoader.framework */ = {isa = PBXFileReference; explicitFileType = wrapper.framework; includeInIndex = 0; path = BeatmapLoader.framework; sourceTree = BUILT_PRODUCTS_DIR; };
		EF6857AE2A465C350058674F /* BeatmapLoader.h */ = {isa = PBXFileReference; lastKnownFileType = sourcecode.c.h; path = BeatmapLoader.h; sourceTree = "<group>"; };
		EF6857B92A465C510058674F /* BeatmapLoader.swift */ = {isa = PBXFileReference; fileEncoding = 4; lastKnownFileType = sourcecode.swift; path = BeatmapLoader.swift; sourceTree = "<group>"; };
		EF6857BC2A465C510058674F /* BeatmapInfo.swift */ = {isa = PBXFileReference; fileEncoding = 4; lastKnownFileType = sourcecode.swift; path = BeatmapInfo.swift; sourceTree = "<group>"; };
		EF6857BD2A465C510058674F /* SupportedSchemaVersion.swift */ = {isa = PBXFileReference; fileEncoding = 4; lastKnownFileType = sourcecode.swift; path = SupportedSchemaVersion.swift; sourceTree = "<group>"; };
		EF6857BE2A465C510058674F /* BeatmapDifficulty.swift */ = {isa = PBXFileReference; fileEncoding = 4; lastKnownFileType = sourcecode.swift; path = BeatmapDifficulty.swift; sourceTree = "<group>"; };
		EF6857C02A465C510058674F /* BeatmapSong.swift */ = {isa = PBXFileReference; fileEncoding = 4; lastKnownFileType = sourcecode.swift; path = BeatmapSong.swift; sourceTree = "<group>"; };
		EF6857C12A465C510058674F /* BeatmapPreview.swift */ = {isa = PBXFileReference; fileEncoding = 4; lastKnownFileType = sourcecode.swift; path = BeatmapPreview.swift; sourceTree = "<group>"; };
		EF6857C92A465CD50058674F /* ZIPBeatmapLoaderDataSource.swift */ = {isa = PBXFileReference; fileEncoding = 4; lastKnownFileType = sourcecode.swift; path = ZIPBeatmapLoaderDataSource.swift; sourceTree = "<group>"; };
		EF8BF9B42A4A3FE200958AF4 /* CADisplayLink+Sequence.swift */ = {isa = PBXFileReference; lastKnownFileType = sourcecode.swift; path = "CADisplayLink+Sequence.swift"; sourceTree = "<group>"; };
/* End PBXFileReference section */

/* Begin PBXFrameworksBuildPhase section */
		EF4286922A463D1700F637A1 /* Frameworks */ = {
			isa = PBXFrameworksBuildPhase;
			buildActionMask = 2147483647;
			files = (
				EF4DA3712B7191380037ACC0 /* vorbis.framework in Frameworks */,
				EF4DA25C2B6F0E320037ACC0 /* OggDecoder.framework in Frameworks */,
				EF42869B2A463D1700F637A1 /* RealityKitContent in Frameworks */,
				EF4DA3612B71912E0037ACC0 /* ogg.framework in Frameworks */,
				EF6857B22A465C350058674F /* BeatmapLoader.framework in Frameworks */,
				EF6857A62A465BFE0058674F /* ZIPFoundation in Frameworks */,
			);
			runOnlyForDeploymentPostprocessing = 0;
		};
		EF4DA2532B6F0E320037ACC0 /* Frameworks */ = {
			isa = PBXFrameworksBuildPhase;
			buildActionMask = 2147483647;
			files = (
				EF4DA41E2B7198430037ACC0 /* ogg.framework in Frameworks */,
				EF4DA41F2B7198430037ACC0 /* vorbis.framework in Frameworks */,
			);
			runOnlyForDeploymentPostprocessing = 0;
		};
		EF4DA3582B71912E0037ACC0 /* Frameworks */ = {
			isa = PBXFrameworksBuildPhase;
			buildActionMask = 2147483647;
			files = (
			);
			runOnlyForDeploymentPostprocessing = 0;
		};
		EF4DA3682B7191380037ACC0 /* Frameworks */ = {
			isa = PBXFrameworksBuildPhase;
			buildActionMask = 2147483647;
			files = (
				EF4DA3762B7191400037ACC0 /* ogg.framework in Frameworks */,
			);
			runOnlyForDeploymentPostprocessing = 0;
		};
		EF6857A92A465C350058674F /* Frameworks */ = {
			isa = PBXFrameworksBuildPhase;
			buildActionMask = 2147483647;
			files = (
			);
			runOnlyForDeploymentPostprocessing = 0;
		};
/* End PBXFrameworksBuildPhase section */

/* Begin PBXGroup section */
		EF42868C2A463D1700F637A1 = {
			isa = PBXGroup;
			children = (
				EF4286972A463D1700F637A1 /* BeatmapAR */,
				EF4286982A463D1700F637A1 /* Packages */,
				EF6857AD2A465C350058674F /* BeatmapLoader */,
				EF4DA2572B6F0E320037ACC0 /* OggDecoder */,
				EF4DA35C2B71912E0037ACC0 /* ogg */,
				EF4DA36C2B7191380037ACC0 /* vorbis */,
				EF4286962A463D1700F637A1 /* Products */,
				EF62CC2B2B6EE59F00F0C26E /* Frameworks */,
			);
			sourceTree = "<group>";
		};
		EF4286962A463D1700F637A1 /* Products */ = {
			isa = PBXGroup;
			children = (
				EF4286952A463D1700F637A1 /* BeatmapAR.app */,
				EF6857AC2A465C350058674F /* BeatmapLoader.framework */,
				EF4DA2562B6F0E320037ACC0 /* OggDecoder.framework */,
				EF4DA35B2B71912E0037ACC0 /* ogg.framework */,
				EF4DA36B2B7191380037ACC0 /* vorbis.framework */,
			);
			name = Products;
			sourceTree = "<group>";
		};
		EF4286972A463D1700F637A1 /* BeatmapAR */ = {
			isa = PBXGroup;
			children = (
				EF6020FB2A535E36008B8F46 /* Spaces */,
				EF6020F42A535CB9008B8F46 /* Managers */,
				EF6020EF2A533E4F008B8F46 /* Screens */,
				EF6857C82A465CBD0058674F /* LoaderDataSource */,
				EF42869C2A463D1700F637A1 /* BeatmapARApp.swift */,
				EF4286A42A463D1800F637A1 /* Assets.xcassets */,
				EF4286A62A463D1800F637A1 /* Preview Content */,
				EF8BF9B42A4A3FE200958AF4 /* CADisplayLink+Sequence.swift */,
			);
			path = BeatmapAR;
			sourceTree = "<group>";
		};
		EF4286982A463D1700F637A1 /* Packages */ = {
			isa = PBXGroup;
			children = (
				EF4286992A463D1700F637A1 /* RealityKitContent */,
			);
			path = Packages;
			sourceTree = "<group>";
		};
		EF4286A62A463D1800F637A1 /* Preview Content */ = {
			isa = PBXGroup;
			children = (
				EF4286A72A463D1800F637A1 /* Preview Assets.xcassets */,
			);
			path = "Preview Content";
			sourceTree = "<group>";
		};
		EF4DA2572B6F0E320037ACC0 /* OggDecoder */ = {
			isa = PBXGroup;
			children = (
				EF4DA2762B6F0F910037ACC0 /* audioSettings.h */,
				EF4DA27A2B6F0F910037ACC0 /* bool.h */,
				EF4DA2792B6F0F910037ACC0 /* OGGDecoder.mm */,
				EF4DA27C2B6F0F910037ACC0 /* oggHelper.cpp */,
				EF4DA2772B6F0F910037ACC0 /* oggHelper.h */,
				EF4DA27B2B6F0F910037ACC0 /* vorbisSettings.cpp */,
				EF4DA27D2B6F0F920037ACC0 /* vorbisSettings.h */,
				EF4DA2752B6F0F910037ACC0 /* wavHeader.cpp */,
				EF4DA2782B6F0F910037ACC0 /* wavHeader.h */,
				EF4DA2582B6F0E320037ACC0 /* OggDecoder.h */,
			);
			path = OggDecoder;
			sourceTree = "<group>";
		};
		EF4DA35C2B71912E0037ACC0 /* ogg */ = {
			isa = PBXGroup;
			children = (
				EF4DA3872B7192260037ACC0 /* module.modulemap */,
				EF4DA3772B7191AA0037ACC0 /* include */,
				EF4DA37C2B7191AA0037ACC0 /* src */,
			);
			path = ogg;
			sourceTree = "<group>";
		};
		EF4DA36C2B7191380037ACC0 /* vorbis */ = {
			isa = PBXGroup;
			children = (
				EF4DA38B2B7197970037ACC0 /* include */,
				EF4DA38F2B7197970037ACC0 /* lib */,
				EF4DA38A2B7197970037ACC0 /* module.modulemap */,
			);
			path = vorbis;
			sourceTree = "<group>";
		};
		EF4DA3772B7191AA0037ACC0 /* include */ = {
			isa = PBXGroup;
			children = (
				EF4DA3782B7191AA0037ACC0 /* ogg.h */,
				EF4DA3792B7191AA0037ACC0 /* COPYING */,
				EF4DA37B2B7191AA0037ACC0 /* os_types.h */,
			);
			path = include;
			sourceTree = "<group>";
		};
		EF4DA37C2B7191AA0037ACC0 /* src */ = {
			isa = PBXGroup;
			children = (
				EF4DA37D2B7191AA0037ACC0 /* framing.c */,
				EF4DA37E2B7191AA0037ACC0 /* crctable.h */,
				EF4DA37F2B7191AA0037ACC0 /* bitwise.c */,
			);
			path = src;
			sourceTree = "<group>";
		};
		EF4DA38B2B7197970037ACC0 /* include */ = {
			isa = PBXGroup;
			children = (
				EF4DA38C2B7197970037ACC0 /* vorbisfile.h */,
				EF4DA38D2B7197970037ACC0 /* codec.h */,
				EF4DA38E2B7197970037ACC0 /* vorbisenc.h */,
			);
			path = include;
			sourceTree = "<group>";
		};
		EF4DA38F2B7197970037ACC0 /* lib */ = {
			isa = PBXGroup;
			children = (
				EF4DA3902B7197970037ACC0 /* smallft.h */,
				EF4DA3912B7197970037ACC0 /* vorbisenc.c */,
				EF4DA3922B7197970037ACC0 /* res0.c */,
				EF4DA3932B7197970037ACC0 /* block.c */,
				EF4DA3942B7197970037ACC0 /* lookup.c */,
				EF4DA3952B7197970037ACC0 /* modes */,
				EF4DA3AA2B7197970037ACC0 /* misc.h */,
				EF4DA3AB2B7197970037ACC0 /* info.c */,
				EF4DA3AC2B7197970037ACC0 /* mdct.c */,
				EF4DA3AD2B7197970037ACC0 /* os.h */,
				EF4DA3AF2B7197970037ACC0 /* envelope.c */,
				EF4DA3B02B7197970037ACC0 /* window.h */,
				EF4DA3B12B7197970037ACC0 /* analysis.c */,
				EF4DA3B22B7197970037ACC0 /* codebook.c */,
				EF4DA3B32B7197970037ACC0 /* floor0.c */,
				EF4DA3B42B7197970037ACC0 /* backends.h */,
				EF4DA3B52B7197970037ACC0 /* lsp.h */,
				EF4DA3B62B7197970037ACC0 /* bitrate.c */,
				EF4DA3B72B7197970037ACC0 /* registry.h */,
				EF4DA3B82B7197970037ACC0 /* books */,
				EF4DA3C02B7197970037ACC0 /* psy.c */,
				EF4DA3C12B7197970037ACC0 /* lpc.h */,
				EF4DA3C22B7197970037ACC0 /* highlevel.h */,
				EF4DA3C32B7197970037ACC0 /* smallft.c */,
				EF4DA3C42B7197970037ACC0 /* lookup_data.h */,
				EF4DA3C52B7197970037ACC0 /* scales.h */,
				EF4DA3C62B7197970037ACC0 /* sharedbook.c */,
				EF4DA3C72B7197970037ACC0 /* floor1.c */,
				EF4DA3C82B7197970037ACC0 /* lookup.h */,
				EF4DA3C92B7197970037ACC0 /* synthesis.c */,
				EF4DA3CA2B7197970037ACC0 /* envelope.h */,
				EF4DA3CB2B7197970037ACC0 /* masking.h */,
				EF4DA3CC2B7197970037ACC0 /* mdct.h */,
				EF4DA3CD2B7197970037ACC0 /* mapping0.c */,
				EF4DA3CE2B7197970037ACC0 /* psy.h */,
				EF4DA3CF2B7197970037ACC0 /* lpc.c */,
				EF4DA3D12B7197970037ACC0 /* bitrate.h */,
				EF4DA3D22B7197970037ACC0 /* lsp.c */,
				EF4DA3D32B7197970037ACC0 /* registry.c */,
				EF4DA3D42B7197970037ACC0 /* vorbisfile.c */,
				EF4DA3D52B7197970037ACC0 /* window.c */,
				EF4DA3D62B7197970037ACC0 /* codec_internal.h */,
				EF4DA3D72B7197970037ACC0 /* codebook.h */,
			);
			path = lib;
			sourceTree = "<group>";
		};
		EF4DA3952B7197970037ACC0 /* modes */ = {
			isa = PBXGroup;
			children = (
				EF4DA3962B7197970037ACC0 /* psych_44.h */,
				EF4DA3972B7197970037ACC0 /* setup_11.h */,
				EF4DA3982B7197970037ACC0 /* setup_44u.h */,
				EF4DA3992B7197970037ACC0 /* setup_8.h */,
				EF4DA39A2B7197970037ACC0 /* residue_8.h */,
				EF4DA39B2B7197970037ACC0 /* residue_44p51.h */,
				EF4DA39C2B7197970037ACC0 /* residue_44.h */,
				EF4DA39D2B7197970037ACC0 /* setup_16.h */,
				EF4DA39E2B7197970037ACC0 /* setup_22.h */,
				EF4DA39F2B7197970037ACC0 /* psych_16.h */,
				EF4DA3A02B7197970037ACC0 /* psych_8.h */,
				EF4DA3A12B7197970037ACC0 /* setup_44p51.h */,
				EF4DA3A22B7197970037ACC0 /* floor_all.h */,
				EF4DA3A32B7197970037ACC0 /* setup_32.h */,
				EF4DA3A42B7197970037ACC0 /* residue_44u.h */,
				EF4DA3A52B7197970037ACC0 /* setup_44.h */,
				EF4DA3A62B7197970037ACC0 /* residue_16.h */,
				EF4DA3A72B7197970037ACC0 /* psych_11.h */,
				EF4DA3A82B7197970037ACC0 /* setup_X.h */,
			);
			path = modes;
			sourceTree = "<group>";
		};
		EF4DA3B82B7197970037ACC0 /* books */ = {
			isa = PBXGroup;
			children = (
				EF4DA3B92B7197970037ACC0 /* uncoupled */,
				EF4DA3BB2B7197970037ACC0 /* coupled */,
				EF4DA3BE2B7197970037ACC0 /* floor */,
			);
			path = books;
			sourceTree = "<group>";
		};
		EF4DA3B92B7197970037ACC0 /* uncoupled */ = {
			isa = PBXGroup;
			children = (
				EF4DA3BA2B7197970037ACC0 /* res_books_uncoupled.h */,
			);
			path = uncoupled;
			sourceTree = "<group>";
		};
		EF4DA3BB2B7197970037ACC0 /* coupled */ = {
			isa = PBXGroup;
			children = (
				EF4DA3BC2B7197970037ACC0 /* res_books_51.h */,
				EF4DA3BD2B7197970037ACC0 /* res_books_stereo.h */,
			);
			path = coupled;
			sourceTree = "<group>";
		};
		EF4DA3BE2B7197970037ACC0 /* floor */ = {
			isa = PBXGroup;
			children = (
				EF4DA3BF2B7197970037ACC0 /* floor_books.h */,
			);
			path = floor;
			sourceTree = "<group>";
		};
		EF6020EF2A533E4F008B8F46 /* Screens */ = {
			isa = PBXGroup;
			children = (
				EF6020F02A533E5F008B8F46 /* DownloadScreen.swift */,
				EF6020F72A535D5A008B8F46 /* MenuScreen.swift */,
				EF6020F92A535DB9008B8F46 /* SongScreen.swift */,
			);
			path = Screens;
			sourceTree = "<group>";
		};
		EF6020F42A535CB9008B8F46 /* Managers */ = {
			isa = PBXGroup;
			children = (
				EF6020ED2A4B8116008B8F46 /* BeatmapFileManager.swift */,
				EF6020F52A535CD3008B8F46 /* SceneManager.swift */,
			);
			path = Managers;
			sourceTree = "<group>";
		};
		EF6020FB2A535E36008B8F46 /* Spaces */ = {
			isa = PBXGroup;
			children = (
				EF6020FC2A535E54008B8F46 /* BeatmapSpace.swift */,
			);
			path = Spaces;
			sourceTree = "<group>";
		};
		EF62CC2B2B6EE59F00F0C26E /* Frameworks */ = {
			isa = PBXGroup;
			children = (
			);
			name = Frameworks;
			sourceTree = "<group>";
		};
		EF6857AD2A465C350058674F /* BeatmapLoader */ = {
			isa = PBXGroup;
			children = (
				EF6857B82A465C510058674F /* Loader */,
				EF6857BA2A465C510058674F /* Model */,
				EF6857AE2A465C350058674F /* BeatmapLoader.h */,
			);
			path = BeatmapLoader;
			sourceTree = "<group>";
		};
		EF6857B82A465C510058674F /* Loader */ = {
			isa = PBXGroup;
			children = (
				EF6857B92A465C510058674F /* BeatmapLoader.swift */,
			);
			path = Loader;
			sourceTree = "<group>";
		};
		EF6857BA2A465C510058674F /* Model */ = {
			isa = PBXGroup;
			children = (
				EF6857BB2A465C510058674F /* Input */,
				EF6857BF2A465C510058674F /* Output */,
			);
			path = Model;
			sourceTree = "<group>";
		};
		EF6857BB2A465C510058674F /* Input */ = {
			isa = PBXGroup;
			children = (
				EF6857BC2A465C510058674F /* BeatmapInfo.swift */,
				EF6857BD2A465C510058674F /* SupportedSchemaVersion.swift */,
				EF6857BE2A465C510058674F /* BeatmapDifficulty.swift */,
			);
			path = Input;
			sourceTree = "<group>";
		};
		EF6857BF2A465C510058674F /* Output */ = {
			isa = PBXGroup;
			children = (
				EF6857C02A465C510058674F /* BeatmapSong.swift */,
				EF6857C12A465C510058674F /* BeatmapPreview.swift */,
			);
			path = Output;
			sourceTree = "<group>";
		};
		EF6857C82A465CBD0058674F /* LoaderDataSource */ = {
			isa = PBXGroup;
			children = (
				EF6857C92A465CD50058674F /* ZIPBeatmapLoaderDataSource.swift */,
				EF6020F22A53536D008B8F46 /* InMemoryZIPBeatmapLoaderDataSource.swift */,
			);
			path = LoaderDataSource;
			sourceTree = "<group>";
		};
/* End PBXGroup section */

/* Begin PBXHeadersBuildPhase section */
		EF4DA2512B6F0E320037ACC0 /* Headers */ = {
			isa = PBXHeadersBuildPhase;
			buildActionMask = 2147483647;
			files = (
				EF4DA2832B6F0F920037ACC0 /* bool.h in Headers */,
				EF4DA2812B6F0F920037ACC0 /* wavHeader.h in Headers */,
				EF4DA27F2B6F0F920037ACC0 /* audioSettings.h in Headers */,
				EF4DA2802B6F0F920037ACC0 /* oggHelper.h in Headers */,
				EF4DA2862B6F0F920037ACC0 /* vorbisSettings.h in Headers */,
				EF4DA2592B6F0E320037ACC0 /* OggDecoder.h in Headers */,
			);
			runOnlyForDeploymentPostprocessing = 0;
		};
		EF4DA3562B71912E0037ACC0 /* Headers */ = {
			isa = PBXHeadersBuildPhase;
			buildActionMask = 2147483647;
			files = (
				EF4DA3802B7191AA0037ACC0 /* ogg.h in Headers */,
				EF4DA3852B7191AA0037ACC0 /* crctable.h in Headers */,
				EF4DA3832B7191AA0037ACC0 /* os_types.h in Headers */,
			);
			runOnlyForDeploymentPostprocessing = 0;
		};
		EF4DA3662B7191380037ACC0 /* Headers */ = {
			isa = PBXHeadersBuildPhase;
			buildActionMask = 2147483647;
			files = (
				EF4DA41C2B7197970037ACC0 /* codec_internal.h in Headers */,
				EF4DA3F42B7197970037ACC0 /* misc.h in Headers */,
				EF4DA4082B7197970037ACC0 /* highlevel.h in Headers */,
				EF4DA3E92B7197970037ACC0 /* psych_16.h in Headers */,
				EF4DA3DA2B7197970037ACC0 /* vorbisenc.h in Headers */,
				EF4DA3E32B7197970037ACC0 /* setup_8.h in Headers */,
				EF4DA3ED2B7197970037ACC0 /* setup_32.h in Headers */,
				EF4DA3E62B7197970037ACC0 /* residue_44.h in Headers */,
				EF4DA3F72B7197970037ACC0 /* os.h in Headers */,
				EF4DA3D92B7197970037ACC0 /* codec.h in Headers */,
				EF4DA3E02B7197970037ACC0 /* psych_44.h in Headers */,
				EF4DA4012B7197970037ACC0 /* registry.h in Headers */,
				EF4DA40B2B7197970037ACC0 /* scales.h in Headers */,
				EF4DA3F22B7197970037ACC0 /* setup_X.h in Headers */,
				EF4DA3FA2B7197970037ACC0 /* window.h in Headers */,
				EF4DA40E2B7197970037ACC0 /* lookup.h in Headers */,
				EF4DA3FF2B7197970037ACC0 /* lsp.h in Headers */,
				EF4DA3D82B7197970037ACC0 /* vorbisfile.h in Headers */,
				EF4DA4122B7197970037ACC0 /* mdct.h in Headers */,
				EF4DA3DB2B7197970037ACC0 /* smallft.h in Headers */,
				EF4DA4032B7197970037ACC0 /* res_books_51.h in Headers */,
				EF4DA3EC2B7197970037ACC0 /* floor_all.h in Headers */,
				EF4DA3E82B7197970037ACC0 /* setup_22.h in Headers */,
				EF4DA41D2B7197970037ACC0 /* codebook.h in Headers */,
				EF4DA3EE2B7197970037ACC0 /* residue_44u.h in Headers */,
				EF4DA3E42B7197970037ACC0 /* residue_8.h in Headers */,
				EF4DA3E22B7197970037ACC0 /* setup_44u.h in Headers */,
				EF4DA3FE2B7197970037ACC0 /* backends.h in Headers */,
				EF4DA4142B7197970037ACC0 /* psy.h in Headers */,
				EF4DA3E72B7197970037ACC0 /* setup_16.h in Headers */,
				EF4DA4022B7197970037ACC0 /* res_books_uncoupled.h in Headers */,
				EF4DA3EA2B7197970037ACC0 /* psych_8.h in Headers */,
				EF4DA3EB2B7197970037ACC0 /* setup_44p51.h in Headers */,
				EF4DA4102B7197970037ACC0 /* envelope.h in Headers */,
				EF4DA3E52B7197970037ACC0 /* residue_44p51.h in Headers */,
				EF4DA4072B7197970037ACC0 /* lpc.h in Headers */,
				EF4DA3F02B7197970037ACC0 /* residue_16.h in Headers */,
				EF4DA3EF2B7197970037ACC0 /* setup_44.h in Headers */,
				EF4DA40A2B7197970037ACC0 /* lookup_data.h in Headers */,
				EF4DA3F12B7197970037ACC0 /* psych_11.h in Headers */,
				EF4DA3E12B7197970037ACC0 /* setup_11.h in Headers */,
				EF4DA4112B7197970037ACC0 /* masking.h in Headers */,
				EF4DA4052B7197970037ACC0 /* floor_books.h in Headers */,
				EF4DA4172B7197970037ACC0 /* bitrate.h in Headers */,
				EF4DA4042B7197970037ACC0 /* res_books_stereo.h in Headers */,
			);
			runOnlyForDeploymentPostprocessing = 0;
		};
		EF6857A72A465C350058674F /* Headers */ = {
			isa = PBXHeadersBuildPhase;
			buildActionMask = 2147483647;
			files = (
				EF6857AF2A465C350058674F /* BeatmapLoader.h in Headers */,
			);
			runOnlyForDeploymentPostprocessing = 0;
		};
/* End PBXHeadersBuildPhase section */

/* Begin PBXNativeTarget section */
		EF4286942A463D1700F637A1 /* BeatmapAR */ = {
			isa = PBXNativeTarget;
			buildConfigurationList = EF4286AB2A463D1800F637A1 /* Build configuration list for PBXNativeTarget "BeatmapAR" */;
			buildPhases = (
				EF4286912A463D1700F637A1 /* Sources */,
				EF4286922A463D1700F637A1 /* Frameworks */,
				EF4286932A463D1700F637A1 /* Resources */,
				EF6857B72A465C350058674F /* Embed Frameworks */,
			);
			buildRules = (
			);
			dependencies = (
				EF6857B12A465C350058674F /* PBXTargetDependency */,
				EF4DA25B2B6F0E320037ACC0 /* PBXTargetDependency */,
				EF4DA3602B71912E0037ACC0 /* PBXTargetDependency */,
				EF4DA3702B7191380037ACC0 /* PBXTargetDependency */,
			);
			name = BeatmapAR;
			packageProductDependencies = (
				EF42869A2A463D1700F637A1 /* RealityKitContent */,
				EF6857A52A465BFE0058674F /* ZIPFoundation */,
			);
			productName = BeatmapTest;
			productReference = EF4286952A463D1700F637A1 /* BeatmapAR.app */;
			productType = "com.apple.product-type.application";
		};
		EF4DA2552B6F0E320037ACC0 /* OggDecoder */ = {
			isa = PBXNativeTarget;
			buildConfigurationList = EF4DA25E2B6F0E320037ACC0 /* Build configuration list for PBXNativeTarget "OggDecoder" */;
			buildPhases = (
				EF4DA2512B6F0E320037ACC0 /* Headers */,
				EF4DA2522B6F0E320037ACC0 /* Sources */,
				EF4DA2532B6F0E320037ACC0 /* Frameworks */,
				EF4DA2542B6F0E320037ACC0 /* Resources */,
			);
			buildRules = (
			);
			dependencies = (
			);
			name = OggDecoder;
			productName = OggDecoder;
			productReference = EF4DA2562B6F0E320037ACC0 /* OggDecoder.framework */;
			productType = "com.apple.product-type.framework";
		};
		EF4DA35A2B71912E0037ACC0 /* ogg */ = {
			isa = PBXNativeTarget;
			buildConfigurationList = EF4DA3632B71912E0037ACC0 /* Build configuration list for PBXNativeTarget "ogg" */;
			buildPhases = (
				EF4DA3562B71912E0037ACC0 /* Headers */,
				EF4DA3572B71912E0037ACC0 /* Sources */,
				EF4DA3582B71912E0037ACC0 /* Frameworks */,
				EF4DA3592B71912E0037ACC0 /* Resources */,
			);
			buildRules = (
			);
			dependencies = (
			);
			name = ogg;
			productName = ogg;
			productReference = EF4DA35B2B71912E0037ACC0 /* ogg.framework */;
			productType = "com.apple.product-type.framework";
		};
		EF4DA36A2B7191380037ACC0 /* vorbis */ = {
			isa = PBXNativeTarget;
			buildConfigurationList = EF4DA3732B7191380037ACC0 /* Build configuration list for PBXNativeTarget "vorbis" */;
			buildPhases = (
				EF4DA3662B7191380037ACC0 /* Headers */,
				EF4DA3672B7191380037ACC0 /* Sources */,
				EF4DA3682B7191380037ACC0 /* Frameworks */,
				EF4DA3692B7191380037ACC0 /* Resources */,
			);
			buildRules = (
			);
			dependencies = (
			);
			name = vorbis;
			productName = vorbis;
			productReference = EF4DA36B2B7191380037ACC0 /* vorbis.framework */;
			productType = "com.apple.product-type.framework";
		};
		EF6857AB2A465C350058674F /* BeatmapLoader */ = {
			isa = PBXNativeTarget;
			buildConfigurationList = EF6857B42A465C350058674F /* Build configuration list for PBXNativeTarget "BeatmapLoader" */;
			buildPhases = (
				EF6857A72A465C350058674F /* Headers */,
				EF6857A82A465C350058674F /* Sources */,
				EF6857A92A465C350058674F /* Frameworks */,
				EF6857AA2A465C350058674F /* Resources */,
			);
			buildRules = (
			);
			dependencies = (
			);
			name = BeatmapLoader;
			productName = BeatmapLoader;
			productReference = EF6857AC2A465C350058674F /* BeatmapLoader.framework */;
			productType = "com.apple.product-type.framework";
		};
/* End PBXNativeTarget section */

/* Begin PBXProject section */
		EF42868D2A463D1700F637A1 /* Project object */ = {
			isa = PBXProject;
			attributes = {
				BuildIndependentTargetsInParallel = 1;
				LastSwiftUpdateCheck = 1500;
				LastUpgradeCheck = 1500;
				TargetAttributes = {
					EF4286942A463D1700F637A1 = {
						CreatedOnToolsVersion = 15.0;
					};
					EF4DA2552B6F0E320037ACC0 = {
						CreatedOnToolsVersion = 15.2;
					};
					EF4DA35A2B71912E0037ACC0 = {
						CreatedOnToolsVersion = 15.2;
					};
					EF4DA36A2B7191380037ACC0 = {
						CreatedOnToolsVersion = 15.2;
					};
					EF6857AB2A465C350058674F = {
						CreatedOnToolsVersion = 15.0;
					};
				};
			};
			buildConfigurationList = EF4286902A463D1700F637A1 /* Build configuration list for PBXProject "BeatmapAR" */;
			compatibilityVersion = "Xcode 14.0";
			developmentRegion = en;
			hasScannedForEncodings = 0;
			knownRegions = (
				en,
				Base,
			);
			mainGroup = EF42868C2A463D1700F637A1;
			packageReferences = (
				EF6857A42A465BFE0058674F /* XCRemoteSwiftPackageReference "ZIPFoundation" */,
			);
			productRefGroup = EF4286962A463D1700F637A1 /* Products */;
			projectDirPath = "";
			projectRoot = "";
			targets = (
				EF4286942A463D1700F637A1 /* BeatmapAR */,
				EF6857AB2A465C350058674F /* BeatmapLoader */,
				EF4DA2552B6F0E320037ACC0 /* OggDecoder */,
				EF4DA35A2B71912E0037ACC0 /* ogg */,
				EF4DA36A2B7191380037ACC0 /* vorbis */,
			);
		};
/* End PBXProject section */

/* Begin PBXResourcesBuildPhase section */
		EF4286932A463D1700F637A1 /* Resources */ = {
			isa = PBXResourcesBuildPhase;
			buildActionMask = 2147483647;
			files = (
				EF4286A52A463D1800F637A1 /* Assets.xcassets in Resources */,
				EF4286A82A463D1800F637A1 /* Preview Assets.xcassets in Resources */,
			);
			runOnlyForDeploymentPostprocessing = 0;
		};
		EF4DA2542B6F0E320037ACC0 /* Resources */ = {
			isa = PBXResourcesBuildPhase;
			buildActionMask = 2147483647;
			files = (
			);
			runOnlyForDeploymentPostprocessing = 0;
		};
		EF4DA3592B71912E0037ACC0 /* Resources */ = {
			isa = PBXResourcesBuildPhase;
			buildActionMask = 2147483647;
			files = (
			);
			runOnlyForDeploymentPostprocessing = 0;
		};
		EF4DA3692B7191380037ACC0 /* Resources */ = {
			isa = PBXResourcesBuildPhase;
			buildActionMask = 2147483647;
			files = (
			);
			runOnlyForDeploymentPostprocessing = 0;
		};
		EF6857AA2A465C350058674F /* Resources */ = {
			isa = PBXResourcesBuildPhase;
			buildActionMask = 2147483647;
			files = (
			);
			runOnlyForDeploymentPostprocessing = 0;
		};
/* End PBXResourcesBuildPhase section */

/* Begin PBXSourcesBuildPhase section */
		EF4286912A463D1700F637A1 /* Sources */ = {
			isa = PBXSourcesBuildPhase;
			buildActionMask = 2147483647;
			files = (
				EF6020F82A535D5A008B8F46 /* MenuScreen.swift in Sources */,
				EF6020FD2A535E54008B8F46 /* BeatmapSpace.swift in Sources */,
				EF6020FA2A535DB9008B8F46 /* SongScreen.swift in Sources */,
				EF6020F12A533E5F008B8F46 /* DownloadScreen.swift in Sources */,
				EF6857CA2A465CD50058674F /* ZIPBeatmapLoaderDataSource.swift in Sources */,
				EF42869D2A463D1700F637A1 /* BeatmapARApp.swift in Sources */,
				EF6020F62A535CD3008B8F46 /* SceneManager.swift in Sources */,
				EF8BF9B52A4A3FE200958AF4 /* CADisplayLink+Sequence.swift in Sources */,
				EF6020EE2A4B8116008B8F46 /* BeatmapFileManager.swift in Sources */,
				EF6020F32A53536D008B8F46 /* InMemoryZIPBeatmapLoaderDataSource.swift in Sources */,
			);
			runOnlyForDeploymentPostprocessing = 0;
		};
		EF4DA2522B6F0E320037ACC0 /* Sources */ = {
			isa = PBXSourcesBuildPhase;
			buildActionMask = 2147483647;
			files = (
				EF4DA2822B6F0F920037ACC0 /* OGGDecoder.mm in Sources */,
				EF4DA2842B6F0F920037ACC0 /* vorbisSettings.cpp in Sources */,
				EF4DA27E2B6F0F920037ACC0 /* wavHeader.cpp in Sources */,
				EF4DA2852B6F0F920037ACC0 /* oggHelper.cpp in Sources */,
			);
			runOnlyForDeploymentPostprocessing = 0;
		};
		EF4DA3572B71912E0037ACC0 /* Sources */ = {
			isa = PBXSourcesBuildPhase;
			buildActionMask = 2147483647;
			files = (
				EF4DA3842B7191AA0037ACC0 /* framing.c in Sources */,
				EF4DA3862B7191AA0037ACC0 /* bitwise.c in Sources */,
			);
			runOnlyForDeploymentPostprocessing = 0;
		};
		EF4DA3672B7191380037ACC0 /* Sources */ = {
			isa = PBXSourcesBuildPhase;
			buildActionMask = 2147483647;
			files = (
				EF4DA3DE2B7197970037ACC0 /* block.c in Sources */,
				EF4DA3F62B7197970037ACC0 /* mdct.c in Sources */,
				EF4DA3DC2B7197970037ACC0 /* vorbisenc.c in Sources */,
				EF4DA3FC2B7197970037ACC0 /* codebook.c in Sources */,
				EF4DA4092B7197970037ACC0 /* smallft.c in Sources */,
				EF4DA3DD2B7197970037ACC0 /* res0.c in Sources */,
				EF4DA4062B7197970037ACC0 /* psy.c in Sources */,
				EF4DA40D2B7197970037ACC0 /* floor1.c in Sources */,
				EF4DA41A2B7197970037ACC0 /* vorbisfile.c in Sources */,
				EF4DA4132B7197970037ACC0 /* mapping0.c in Sources */,
				EF4DA4182B7197970037ACC0 /* lsp.c in Sources */,
				EF4DA41B2B7197970037ACC0 /* window.c in Sources */,
				EF4DA3DF2B7197970037ACC0 /* lookup.c in Sources */,
				EF4DA3FB2B7197970037ACC0 /* analysis.c in Sources */,
				EF4DA4152B7197970037ACC0 /* lpc.c in Sources */,
				EF4DA4002B7197970037ACC0 /* bitrate.c in Sources */,
				EF4DA3F52B7197970037ACC0 /* info.c in Sources */,
				EF4DA3F92B7197970037ACC0 /* envelope.c in Sources */,
				EF4DA3FD2B7197970037ACC0 /* floor0.c in Sources */,
				EF4DA40F2B7197970037ACC0 /* synthesis.c in Sources */,
				EF4DA40C2B7197970037ACC0 /* sharedbook.c in Sources */,
				EF4DA4192B7197970037ACC0 /* registry.c in Sources */,
			);
			runOnlyForDeploymentPostprocessing = 0;
		};
		EF6857A82A465C350058674F /* Sources */ = {
			isa = PBXSourcesBuildPhase;
			buildActionMask = 2147483647;
			files = (
				EF6857C62A465C510058674F /* BeatmapSong.swift in Sources */,
				EF6857C72A465C510058674F /* BeatmapPreview.swift in Sources */,
				EF6857C32A465C510058674F /* BeatmapInfo.swift in Sources */,
				EF6857C22A465C510058674F /* BeatmapLoader.swift in Sources */,
				EF6857C42A465C510058674F /* SupportedSchemaVersion.swift in Sources */,
				EF6857C52A465C510058674F /* BeatmapDifficulty.swift in Sources */,
			);
			runOnlyForDeploymentPostprocessing = 0;
		};
/* End PBXSourcesBuildPhase section */

/* Begin PBXTargetDependency section */
		EF4DA25B2B6F0E320037ACC0 /* PBXTargetDependency */ = {
			isa = PBXTargetDependency;
			target = EF4DA2552B6F0E320037ACC0 /* OggDecoder */;
			targetProxy = EF4DA25A2B6F0E320037ACC0 /* PBXContainerItemProxy */;
		};
		EF4DA3602B71912E0037ACC0 /* PBXTargetDependency */ = {
			isa = PBXTargetDependency;
			target = EF4DA35A2B71912E0037ACC0 /* ogg */;
			targetProxy = EF4DA35F2B71912E0037ACC0 /* PBXContainerItemProxy */;
		};
		EF4DA3702B7191380037ACC0 /* PBXTargetDependency */ = {
			isa = PBXTargetDependency;
			target = EF4DA36A2B7191380037ACC0 /* vorbis */;
			targetProxy = EF4DA36F2B7191380037ACC0 /* PBXContainerItemProxy */;
		};
		EF6857B12A465C350058674F /* PBXTargetDependency */ = {
			isa = PBXTargetDependency;
			target = EF6857AB2A465C350058674F /* BeatmapLoader */;
			targetProxy = EF6857B02A465C350058674F /* PBXContainerItemProxy */;
		};
/* End PBXTargetDependency section */

/* Begin XCBuildConfiguration section */
		EF4286A92A463D1800F637A1 /* Debug */ = {
			isa = XCBuildConfiguration;
			buildSettings = {
				ALWAYS_SEARCH_USER_PATHS = NO;
				ASSETCATALOG_COMPILER_GENERATE_SWIFT_ASSET_SYMBOL_EXTENSIONS = YES;
				CLANG_ANALYZER_NONNULL = YES;
				CLANG_ANALYZER_NUMBER_OBJECT_CONVERSION = YES_AGGRESSIVE;
				CLANG_CXX_LANGUAGE_STANDARD = "gnu++20";
				CLANG_ENABLE_MODULES = YES;
				CLANG_ENABLE_OBJC_ARC = YES;
				CLANG_ENABLE_OBJC_WEAK = YES;
				CLANG_WARN_BLOCK_CAPTURE_AUTORELEASING = YES;
				CLANG_WARN_BOOL_CONVERSION = YES;
				CLANG_WARN_COMMA = YES;
				CLANG_WARN_CONSTANT_CONVERSION = YES;
				CLANG_WARN_DEPRECATED_OBJC_IMPLEMENTATIONS = YES;
				CLANG_WARN_DIRECT_OBJC_ISA_USAGE = YES_ERROR;
				CLANG_WARN_DOCUMENTATION_COMMENTS = YES;
				CLANG_WARN_EMPTY_BODY = YES;
				CLANG_WARN_ENUM_CONVERSION = YES;
				CLANG_WARN_INFINITE_RECURSION = YES;
				CLANG_WARN_INT_CONVERSION = YES;
				CLANG_WARN_NON_LITERAL_NULL_CONVERSION = YES;
				CLANG_WARN_OBJC_IMPLICIT_RETAIN_SELF = YES;
				CLANG_WARN_OBJC_LITERAL_CONVERSION = YES;
				CLANG_WARN_OBJC_ROOT_CLASS = YES_ERROR;
				CLANG_WARN_QUOTED_INCLUDE_IN_FRAMEWORK_HEADER = YES;
				CLANG_WARN_RANGE_LOOP_ANALYSIS = YES;
				CLANG_WARN_STRICT_PROTOTYPES = YES;
				CLANG_WARN_SUSPICIOUS_MOVE = YES;
				CLANG_WARN_UNGUARDED_AVAILABILITY = YES_AGGRESSIVE;
				CLANG_WARN_UNREACHABLE_CODE = YES;
				CLANG_WARN__DUPLICATE_METHOD_MATCH = YES;
				COPY_PHASE_STRIP = NO;
				DEBUG_INFORMATION_FORMAT = dwarf;
				ENABLE_STRICT_OBJC_MSGSEND = YES;
				ENABLE_TESTABILITY = YES;
				ENABLE_USER_SCRIPT_SANDBOXING = YES;
				GCC_C_LANGUAGE_STANDARD = gnu17;
				GCC_DYNAMIC_NO_PIC = NO;
				GCC_NO_COMMON_BLOCKS = YES;
				GCC_OPTIMIZATION_LEVEL = 0;
				GCC_PREPROCESSOR_DEFINITIONS = (
					"DEBUG=1",
					"$(inherited)",
				);
				GCC_WARN_64_TO_32_BIT_CONVERSION = YES;
				GCC_WARN_ABOUT_RETURN_TYPE = YES_ERROR;
				GCC_WARN_UNDECLARED_SELECTOR = YES;
				GCC_WARN_UNINITIALIZED_AUTOS = YES_AGGRESSIVE;
				GCC_WARN_UNUSED_FUNCTION = YES;
				GCC_WARN_UNUSED_VARIABLE = YES;
				LOCALIZATION_PREFERS_STRING_CATALOGS = YES;
				MTL_ENABLE_DEBUG_INFO = INCLUDE_SOURCE;
				MTL_FAST_MATH = YES;
				ONLY_ACTIVE_ARCH = YES;
				SDKROOT = xros;
				SWIFT_ACTIVE_COMPILATION_CONDITIONS = "DEBUG $(inherited)";
				SWIFT_OPTIMIZATION_LEVEL = "-Onone";
				XROS_DEPLOYMENT_TARGET = 1.0;
			};
			name = Debug;
		};
		EF4286AA2A463D1800F637A1 /* Release */ = {
			isa = XCBuildConfiguration;
			buildSettings = {
				ALWAYS_SEARCH_USER_PATHS = NO;
				ASSETCATALOG_COMPILER_GENERATE_SWIFT_ASSET_SYMBOL_EXTENSIONS = YES;
				CLANG_ANALYZER_NONNULL = YES;
				CLANG_ANALYZER_NUMBER_OBJECT_CONVERSION = YES_AGGRESSIVE;
				CLANG_CXX_LANGUAGE_STANDARD = "gnu++20";
				CLANG_ENABLE_MODULES = YES;
				CLANG_ENABLE_OBJC_ARC = YES;
				CLANG_ENABLE_OBJC_WEAK = YES;
				CLANG_WARN_BLOCK_CAPTURE_AUTORELEASING = YES;
				CLANG_WARN_BOOL_CONVERSION = YES;
				CLANG_WARN_COMMA = YES;
				CLANG_WARN_CONSTANT_CONVERSION = YES;
				CLANG_WARN_DEPRECATED_OBJC_IMPLEMENTATIONS = YES;
				CLANG_WARN_DIRECT_OBJC_ISA_USAGE = YES_ERROR;
				CLANG_WARN_DOCUMENTATION_COMMENTS = YES;
				CLANG_WARN_EMPTY_BODY = YES;
				CLANG_WARN_ENUM_CONVERSION = YES;
				CLANG_WARN_INFINITE_RECURSION = YES;
				CLANG_WARN_INT_CONVERSION = YES;
				CLANG_WARN_NON_LITERAL_NULL_CONVERSION = YES;
				CLANG_WARN_OBJC_IMPLICIT_RETAIN_SELF = YES;
				CLANG_WARN_OBJC_LITERAL_CONVERSION = YES;
				CLANG_WARN_OBJC_ROOT_CLASS = YES_ERROR;
				CLANG_WARN_QUOTED_INCLUDE_IN_FRAMEWORK_HEADER = YES;
				CLANG_WARN_RANGE_LOOP_ANALYSIS = YES;
				CLANG_WARN_STRICT_PROTOTYPES = YES;
				CLANG_WARN_SUSPICIOUS_MOVE = YES;
				CLANG_WARN_UNGUARDED_AVAILABILITY = YES_AGGRESSIVE;
				CLANG_WARN_UNREACHABLE_CODE = YES;
				CLANG_WARN__DUPLICATE_METHOD_MATCH = YES;
				COPY_PHASE_STRIP = NO;
				DEBUG_INFORMATION_FORMAT = "dwarf-with-dsym";
				ENABLE_NS_ASSERTIONS = NO;
				ENABLE_STRICT_OBJC_MSGSEND = YES;
				ENABLE_USER_SCRIPT_SANDBOXING = YES;
				GCC_C_LANGUAGE_STANDARD = gnu17;
				GCC_NO_COMMON_BLOCKS = YES;
				GCC_WARN_64_TO_32_BIT_CONVERSION = YES;
				GCC_WARN_ABOUT_RETURN_TYPE = YES_ERROR;
				GCC_WARN_UNDECLARED_SELECTOR = YES;
				GCC_WARN_UNINITIALIZED_AUTOS = YES_AGGRESSIVE;
				GCC_WARN_UNUSED_FUNCTION = YES;
				GCC_WARN_UNUSED_VARIABLE = YES;
				LOCALIZATION_PREFERS_STRING_CATALOGS = YES;
				MTL_ENABLE_DEBUG_INFO = NO;
				MTL_FAST_MATH = YES;
				SDKROOT = xros;
				SWIFT_COMPILATION_MODE = wholemodule;
				VALIDATE_PRODUCT = YES;
				XROS_DEPLOYMENT_TARGET = 1.0;
			};
			name = Release;
		};
		EF4286AC2A463D1800F637A1 /* Debug */ = {
			isa = XCBuildConfiguration;
			buildSettings = {
				ALWAYS_EMBED_SWIFT_STANDARD_LIBRARIES = YES;
				ASSETCATALOG_COMPILER_APPICON_NAME = AppIcon;
				ASSETCATALOG_COMPILER_GLOBAL_ACCENT_COLOR_NAME = AccentColor;
				CODE_SIGN_STYLE = Automatic;
				CURRENT_PROJECT_VERSION = 1;
				DEVELOPMENT_ASSET_PATHS = "\"BeatmapAR/Preview Content\"";
				DEVELOPMENT_TEAM = ZTJ55TM37B;
				ENABLE_PREVIEWS = YES;
				GENERATE_INFOPLIST_FILE = YES;
				INFOPLIST_KEY_UIApplicationSceneManifest_Generation = YES;
				LD_RUNPATH_SEARCH_PATHS = (
					"$(inherited)",
					"@executable_path/Frameworks",
				);
				MARKETING_VERSION = 1.0;
				PRODUCT_BUNDLE_IDENTIFIER = com.bluenose.BeatmapTest;
				PRODUCT_NAME = "$(TARGET_NAME)";
				SUPPORTED_PLATFORMS = "xros xrsimulator";
				SWIFT_EMIT_LOC_STRINGS = YES;
				SWIFT_VERSION = 5.0;
				TARGETED_DEVICE_FAMILY = "1,2,7";
			};
			name = Debug;
		};
		EF4286AD2A463D1800F637A1 /* Release */ = {
			isa = XCBuildConfiguration;
			buildSettings = {
				ALWAYS_EMBED_SWIFT_STANDARD_LIBRARIES = YES;
				ASSETCATALOG_COMPILER_APPICON_NAME = AppIcon;
				ASSETCATALOG_COMPILER_GLOBAL_ACCENT_COLOR_NAME = AccentColor;
				CODE_SIGN_STYLE = Automatic;
				CURRENT_PROJECT_VERSION = 1;
				DEVELOPMENT_ASSET_PATHS = "\"BeatmapAR/Preview Content\"";
				DEVELOPMENT_TEAM = ZTJ55TM37B;
				ENABLE_PREVIEWS = YES;
				GENERATE_INFOPLIST_FILE = YES;
				INFOPLIST_KEY_UIApplicationSceneManifest_Generation = YES;
				LD_RUNPATH_SEARCH_PATHS = (
					"$(inherited)",
					"@executable_path/Frameworks",
				);
				MARKETING_VERSION = 1.0;
				PRODUCT_BUNDLE_IDENTIFIER = com.bluenose.BeatmapTest;
				PRODUCT_NAME = "$(TARGET_NAME)";
				SUPPORTED_PLATFORMS = "xros xrsimulator";
				SWIFT_EMIT_LOC_STRINGS = YES;
				SWIFT_VERSION = 5.0;
				TARGETED_DEVICE_FAMILY = "1,2,7";
			};
			name = Release;
		};
		EF4DA25F2B6F0E320037ACC0 /* Debug */ = {
			isa = XCBuildConfiguration;
			buildSettings = {
				CODE_SIGN_STYLE = Automatic;
				CURRENT_PROJECT_VERSION = 1;
				DEFINES_MODULE = YES;
				DEVELOPMENT_TEAM = ZTJ55TM37B;
				DYLIB_COMPATIBILITY_VERSION = 1;
				DYLIB_CURRENT_VERSION = 1;
				DYLIB_INSTALL_NAME_BASE = "@rpath";
				ENABLE_MODULE_VERIFIER = YES;
				GENERATE_INFOPLIST_FILE = YES;
				INFOPLIST_KEY_NSHumanReadableCopyright = "";
				INSTALL_PATH = "$(LOCAL_LIBRARY_DIR)/Frameworks";
				LD_RUNPATH_SEARCH_PATHS = (
					"$(inherited)",
					"@executable_path/Frameworks",
					"@loader_path/Frameworks",
				);
				MARKETING_VERSION = 1.0;
				MODULE_VERIFIER_SUPPORTED_LANGUAGES = "objective-c objective-c++";
				MODULE_VERIFIER_SUPPORTED_LANGUAGE_STANDARDS = "gnu17 gnu++20";
				PRODUCT_BUNDLE_IDENTIFIER = com.bluenose.OggDecoder;
				PRODUCT_NAME = "$(TARGET_NAME:c99extidentifier)";
				SKIP_INSTALL = YES;
				SUPPORTED_PLATFORMS = "xros xrsimulator";
				SWIFT_EMIT_LOC_STRINGS = YES;
				TARGETED_DEVICE_FAMILY = "1,2,7";
				VERSIONING_SYSTEM = "apple-generic";
				VERSION_INFO_PREFIX = "";
			};
			name = Debug;
		};
		EF4DA2602B6F0E320037ACC0 /* Release */ = {
			isa = XCBuildConfiguration;
			buildSettings = {
				CODE_SIGN_STYLE = Automatic;
				CURRENT_PROJECT_VERSION = 1;
				DEFINES_MODULE = YES;
				DEVELOPMENT_TEAM = ZTJ55TM37B;
				DYLIB_COMPATIBILITY_VERSION = 1;
				DYLIB_CURRENT_VERSION = 1;
				DYLIB_INSTALL_NAME_BASE = "@rpath";
				ENABLE_MODULE_VERIFIER = YES;
				GENERATE_INFOPLIST_FILE = YES;
				INFOPLIST_KEY_NSHumanReadableCopyright = "";
				INSTALL_PATH = "$(LOCAL_LIBRARY_DIR)/Frameworks";
				LD_RUNPATH_SEARCH_PATHS = (
					"$(inherited)",
					"@executable_path/Frameworks",
					"@loader_path/Frameworks",
				);
				MARKETING_VERSION = 1.0;
				MODULE_VERIFIER_SUPPORTED_LANGUAGES = "objective-c objective-c++";
				MODULE_VERIFIER_SUPPORTED_LANGUAGE_STANDARDS = "gnu17 gnu++20";
				PRODUCT_BUNDLE_IDENTIFIER = com.bluenose.OggDecoder;
				PRODUCT_NAME = "$(TARGET_NAME:c99extidentifier)";
				SKIP_INSTALL = YES;
				SUPPORTED_PLATFORMS = "xros xrsimulator";
				SWIFT_EMIT_LOC_STRINGS = YES;
				TARGETED_DEVICE_FAMILY = "1,2,7";
				VERSIONING_SYSTEM = "apple-generic";
				VERSION_INFO_PREFIX = "";
			};
			name = Release;
		};
		EF4DA3642B71912E0037ACC0 /* Debug */ = {
			isa = XCBuildConfiguration;
			buildSettings = {
				CLANG_CXX_LANGUAGE_STANDARD = "c++14";
				CODE_SIGN_STYLE = Automatic;
				CURRENT_PROJECT_VERSION = 1;
				DEFINES_MODULE = YES;
				DEVELOPMENT_TEAM = ZTJ55TM37B;
				DYLIB_COMPATIBILITY_VERSION = 1;
				DYLIB_CURRENT_VERSION = 1;
				DYLIB_INSTALL_NAME_BASE = "@rpath";
				ENABLE_MODULE_VERIFIER = NO;
				GCC_C_LANGUAGE_STANDARD = gnu11;
				GENERATE_INFOPLIST_FILE = YES;
				HEADER_SEARCH_PATHS = "$(SRCROOT)/ogg/include";
				INFOPLIST_KEY_NSHumanReadableCopyright = "";
				INSTALL_PATH = "$(LOCAL_LIBRARY_DIR)/Frameworks";
				LD_RUNPATH_SEARCH_PATHS = (
					"$(inherited)",
					"@executable_path/Frameworks",
					"@loader_path/Frameworks",
				);
				MARKETING_VERSION = 1.0;
				MODULEMAP_FILE = "$(SRCROOT)/ogg/module.modulemap";
				MODULE_VERIFIER_SUPPORTED_LANGUAGES = "objective-c objective-c++";
				MODULE_VERIFIER_SUPPORTED_LANGUAGE_STANDARDS = "gnu17 gnu++20";
				PRODUCT_BUNDLE_IDENTIFIER = com.bluenose.ogg;
				PRODUCT_NAME = "$(TARGET_NAME:c99extidentifier)";
				SKIP_INSTALL = YES;
				SUPPORTED_PLATFORMS = "xros xrsimulator";
				SWIFT_EMIT_LOC_STRINGS = YES;
				TARGETED_DEVICE_FAMILY = "1,2,7";
				VERSIONING_SYSTEM = "apple-generic";
				VERSION_INFO_PREFIX = "";
			};
			name = Debug;
		};
		EF4DA3652B71912E0037ACC0 /* Release */ = {
			isa = XCBuildConfiguration;
			buildSettings = {
				CLANG_CXX_LANGUAGE_STANDARD = "c++14";
				CODE_SIGN_STYLE = Automatic;
				CURRENT_PROJECT_VERSION = 1;
				DEFINES_MODULE = YES;
				DEVELOPMENT_TEAM = ZTJ55TM37B;
				DYLIB_COMPATIBILITY_VERSION = 1;
				DYLIB_CURRENT_VERSION = 1;
				DYLIB_INSTALL_NAME_BASE = "@rpath";
				ENABLE_MODULE_VERIFIER = NO;
				GCC_C_LANGUAGE_STANDARD = gnu11;
				GENERATE_INFOPLIST_FILE = YES;
				HEADER_SEARCH_PATHS = "$(SRCROOT)/ogg/include";
				INFOPLIST_KEY_NSHumanReadableCopyright = "";
				INSTALL_PATH = "$(LOCAL_LIBRARY_DIR)/Frameworks";
				LD_RUNPATH_SEARCH_PATHS = (
					"$(inherited)",
					"@executable_path/Frameworks",
					"@loader_path/Frameworks",
				);
				MARKETING_VERSION = 1.0;
				MODULEMAP_FILE = "$(SRCROOT)/ogg/module.modulemap";
				MODULE_VERIFIER_SUPPORTED_LANGUAGES = "objective-c objective-c++";
				MODULE_VERIFIER_SUPPORTED_LANGUAGE_STANDARDS = "gnu17 gnu++20";
				PRODUCT_BUNDLE_IDENTIFIER = com.bluenose.ogg;
				PRODUCT_NAME = "$(TARGET_NAME:c99extidentifier)";
				SKIP_INSTALL = YES;
				SUPPORTED_PLATFORMS = "xros xrsimulator";
				SWIFT_EMIT_LOC_STRINGS = YES;
				TARGETED_DEVICE_FAMILY = "1,2,7";
				VERSIONING_SYSTEM = "apple-generic";
				VERSION_INFO_PREFIX = "";
			};
			name = Release;
		};
		EF4DA3742B7191380037ACC0 /* Debug */ = {
			isa = XCBuildConfiguration;
			buildSettings = {
				CLANG_CXX_LANGUAGE_STANDARD = "c++14";
				CODE_SIGN_STYLE = Automatic;
				CURRENT_PROJECT_VERSION = 1;
				DEFINES_MODULE = YES;
				DEVELOPMENT_TEAM = ZTJ55TM37B;
				DYLIB_COMPATIBILITY_VERSION = 1;
				DYLIB_CURRENT_VERSION = 1;
				DYLIB_INSTALL_NAME_BASE = "@rpath";
				ENABLE_MODULE_VERIFIER = NO;
				GCC_C_LANGUAGE_STANDARD = gnu11;
				GENERATE_INFOPLIST_FILE = YES;
				HEADER_SEARCH_PATHS = "$(SRCROOT)/vorbis/include/**";
				INFOPLIST_KEY_NSHumanReadableCopyright = "";
				INSTALL_PATH = "$(LOCAL_LIBRARY_DIR)/Frameworks";
				LD_RUNPATH_SEARCH_PATHS = (
					"$(inherited)",
					"@executable_path/Frameworks",
					"@loader_path/Frameworks",
				);
				MARKETING_VERSION = 1.0;
				MODULEMAP_FILE = "$(SRCROOT)/vorbis/module.modulemap";
				MODULE_VERIFIER_SUPPORTED_LANGUAGES = "objective-c objective-c++";
				MODULE_VERIFIER_SUPPORTED_LANGUAGE_STANDARDS = "gnu17 gnu++20";
				PRODUCT_BUNDLE_IDENTIFIER = com.bluenose.vorbis;
				PRODUCT_NAME = "$(TARGET_NAME:c99extidentifier)";
				SKIP_INSTALL = YES;
				SUPPORTED_PLATFORMS = "xros xrsimulator";
				SWIFT_EMIT_LOC_STRINGS = YES;
				TARGETED_DEVICE_FAMILY = "1,2,7";
				VERSIONING_SYSTEM = "apple-generic";
				VERSION_INFO_PREFIX = "";
			};
			name = Debug;
		};
		EF4DA3752B7191380037ACC0 /* Release */ = {
			isa = XCBuildConfiguration;
			buildSettings = {
				CLANG_CXX_LANGUAGE_STANDARD = "c++14";
				CODE_SIGN_STYLE = Automatic;
				CURRENT_PROJECT_VERSION = 1;
				DEFINES_MODULE = YES;
				DEVELOPMENT_TEAM = ZTJ55TM37B;
				DYLIB_COMPATIBILITY_VERSION = 1;
				DYLIB_CURRENT_VERSION = 1;
				DYLIB_INSTALL_NAME_BASE = "@rpath";
				ENABLE_MODULE_VERIFIER = NO;
				GCC_C_LANGUAGE_STANDARD = gnu11;
				GENERATE_INFOPLIST_FILE = YES;
				HEADER_SEARCH_PATHS = "$(SRCROOT)/vorbis/include/**";
				INFOPLIST_KEY_NSHumanReadableCopyright = "";
				INSTALL_PATH = "$(LOCAL_LIBRARY_DIR)/Frameworks";
				LD_RUNPATH_SEARCH_PATHS = (
					"$(inherited)",
					"@executable_path/Frameworks",
					"@loader_path/Frameworks",
				);
				MARKETING_VERSION = 1.0;
				MODULEMAP_FILE = "$(SRCROOT)/vorbis/module.modulemap";
				MODULE_VERIFIER_SUPPORTED_LANGUAGES = "objective-c objective-c++";
				MODULE_VERIFIER_SUPPORTED_LANGUAGE_STANDARDS = "gnu17 gnu++20";
				PRODUCT_BUNDLE_IDENTIFIER = com.bluenose.vorbis;
				PRODUCT_NAME = "$(TARGET_NAME:c99extidentifier)";
				SKIP_INSTALL = YES;
				SUPPORTED_PLATFORMS = "xros xrsimulator";
				SWIFT_EMIT_LOC_STRINGS = YES;
				TARGETED_DEVICE_FAMILY = "1,2,7";
				VERSIONING_SYSTEM = "apple-generic";
				VERSION_INFO_PREFIX = "";
			};
			name = Release;
		};
		EF6857B52A465C350058674F /* Debug */ = {
			isa = XCBuildConfiguration;
			buildSettings = {
				CODE_SIGN_STYLE = Automatic;
				CURRENT_PROJECT_VERSION = 1;
				DEFINES_MODULE = YES;
				DEVELOPMENT_TEAM = ZTJ55TM37B;
				DYLIB_COMPATIBILITY_VERSION = 1;
				DYLIB_CURRENT_VERSION = 1;
				DYLIB_INSTALL_NAME_BASE = "@rpath";
				ENABLE_MODULE_VERIFIER = YES;
				GENERATE_INFOPLIST_FILE = YES;
				INFOPLIST_KEY_NSHumanReadableCopyright = "";
				INSTALL_PATH = "$(LOCAL_LIBRARY_DIR)/Frameworks";
				LD_RUNPATH_SEARCH_PATHS = (
					"$(inherited)",
					"@executable_path/Frameworks",
					"@loader_path/Frameworks",
				);
				MARKETING_VERSION = 1.0;
				MODULE_VERIFIER_SUPPORTED_LANGUAGES = "objective-c objective-c++";
				MODULE_VERIFIER_SUPPORTED_LANGUAGE_STANDARDS = "gnu17 gnu++20";
				PRODUCT_BUNDLE_IDENTIFIER = com.bluenose.BeatmapLoader;
				PRODUCT_NAME = "$(TARGET_NAME:c99extidentifier)";
				SKIP_INSTALL = YES;
				SUPPORTED_PLATFORMS = "xros xrsimulator";
				SWIFT_EMIT_LOC_STRINGS = YES;
				SWIFT_VERSION = 5.0;
				TARGETED_DEVICE_FAMILY = "1,2,7";
				VERSIONING_SYSTEM = "apple-generic";
				VERSION_INFO_PREFIX = "";
			};
			name = Debug;
		};
		EF6857B62A465C350058674F /* Release */ = {
			isa = XCBuildConfiguration;
			buildSettings = {
				CODE_SIGN_STYLE = Automatic;
				CURRENT_PROJECT_VERSION = 1;
				DEFINES_MODULE = YES;
				DEVELOPMENT_TEAM = ZTJ55TM37B;
				DYLIB_COMPATIBILITY_VERSION = 1;
				DYLIB_CURRENT_VERSION = 1;
				DYLIB_INSTALL_NAME_BASE = "@rpath";
				ENABLE_MODULE_VERIFIER = YES;
				GENERATE_INFOPLIST_FILE = YES;
				INFOPLIST_KEY_NSHumanReadableCopyright = "";
				INSTALL_PATH = "$(LOCAL_LIBRARY_DIR)/Frameworks";
				LD_RUNPATH_SEARCH_PATHS = (
					"$(inherited)",
					"@executable_path/Frameworks",
					"@loader_path/Frameworks",
				);
				MARKETING_VERSION = 1.0;
				MODULE_VERIFIER_SUPPORTED_LANGUAGES = "objective-c objective-c++";
				MODULE_VERIFIER_SUPPORTED_LANGUAGE_STANDARDS = "gnu17 gnu++20";
				PRODUCT_BUNDLE_IDENTIFIER = com.bluenose.BeatmapLoader;
				PRODUCT_NAME = "$(TARGET_NAME:c99extidentifier)";
				SKIP_INSTALL = YES;
				SUPPORTED_PLATFORMS = "xros xrsimulator";
				SWIFT_EMIT_LOC_STRINGS = YES;
				SWIFT_VERSION = 5.0;
				TARGETED_DEVICE_FAMILY = "1,2,7";
				VERSIONING_SYSTEM = "apple-generic";
				VERSION_INFO_PREFIX = "";
			};
			name = Release;
		};
/* End XCBuildConfiguration section */

/* Begin XCConfigurationList section */
		EF4286902A463D1700F637A1 /* Build configuration list for PBXProject "BeatmapAR" */ = {
			isa = XCConfigurationList;
			buildConfigurations = (
				EF4286A92A463D1800F637A1 /* Debug */,
				EF4286AA2A463D1800F637A1 /* Release */,
			);
			defaultConfigurationIsVisible = 0;
			defaultConfigurationName = Release;
		};
		EF4286AB2A463D1800F637A1 /* Build configuration list for PBXNativeTarget "BeatmapAR" */ = {
			isa = XCConfigurationList;
			buildConfigurations = (
				EF4286AC2A463D1800F637A1 /* Debug */,
				EF4286AD2A463D1800F637A1 /* Release */,
			);
			defaultConfigurationIsVisible = 0;
			defaultConfigurationName = Release;
		};
		EF4DA25E2B6F0E320037ACC0 /* Build configuration list for PBXNativeTarget "OggDecoder" */ = {
			isa = XCConfigurationList;
			buildConfigurations = (
				EF4DA25F2B6F0E320037ACC0 /* Debug */,
				EF4DA2602B6F0E320037ACC0 /* Release */,
			);
			defaultConfigurationIsVisible = 0;
			defaultConfigurationName = Release;
		};
		EF4DA3632B71912E0037ACC0 /* Build configuration list for PBXNativeTarget "ogg" */ = {
			isa = XCConfigurationList;
			buildConfigurations = (
				EF4DA3642B71912E0037ACC0 /* Debug */,
				EF4DA3652B71912E0037ACC0 /* Release */,
			);
			defaultConfigurationIsVisible = 0;
			defaultConfigurationName = Release;
		};
		EF4DA3732B7191380037ACC0 /* Build configuration list for PBXNativeTarget "vorbis" */ = {
			isa = XCConfigurationList;
			buildConfigurations = (
				EF4DA3742B7191380037ACC0 /* Debug */,
				EF4DA3752B7191380037ACC0 /* Release */,
			);
			defaultConfigurationIsVisible = 0;
			defaultConfigurationName = Release;
		};
		EF6857B42A465C350058674F /* Build configuration list for PBXNativeTarget "BeatmapLoader" */ = {
			isa = XCConfigurationList;
			buildConfigurations = (
				EF6857B52A465C350058674F /* Debug */,
				EF6857B62A465C350058674F /* Release */,
			);
			defaultConfigurationIsVisible = 0;
			defaultConfigurationName = Release;
		};
/* End XCConfigurationList section */

/* Begin XCRemoteSwiftPackageReference section */
		EF6857A42A465BFE0058674F /* XCRemoteSwiftPackageReference "ZIPFoundation" */ = {
			isa = XCRemoteSwiftPackageReference;
			repositoryURL = "https://github.com/weichsel/ZIPFoundation";
			requirement = {
				kind = upToNextMajorVersion;
				minimumVersion = 0.9.18;
			};
		};
/* End XCRemoteSwiftPackageReference section */

/* Begin XCSwiftPackageProductDependency section */
		EF42869A2A463D1700F637A1 /* RealityKitContent */ = {
			isa = XCSwiftPackageProductDependency;
			productName = RealityKitContent;
		};
		EF6857A52A465BFE0058674F /* ZIPFoundation */ = {
			isa = XCSwiftPackageProductDependency;
			package = EF6857A42A465BFE0058674F /* XCRemoteSwiftPackageReference "ZIPFoundation" */;
			productName = ZIPFoundation;
		};
/* End XCSwiftPackageProductDependency section */
	};
	rootObject = EF42868D2A463D1700F637A1 /* Project object */;
}
